// !$*UTF8*$!
{
	archiveVersion = 1;
	classes = {
	};
	objectVersion = 46;
	objects = {

/* Begin PBXBuildFile section */
		46D814431931564800944BE5 /* tableTableViewController.m in Sources */ = {isa = PBXBuildFile; fileRef = 46D814421931564800944BE5 /* tableTableViewController.m */; };
		46D814461931590400944BE5 /* tableUIViewController.m in Sources */ = {isa = PBXBuildFile; fileRef = 46D814451931590400944BE5 /* tableUIViewController.m */; };
		46D814631931599D00944BE5 /* 1400952953_editor_setting_gear_.png in Resources */ = {isa = PBXBuildFile; fileRef = 46D814481931599D00944BE5 /* 1400952953_editor_setting_gear_.png */; };
		46D814641931599D00944BE5 /* 1400953293_arrow-back.png in Resources */ = {isa = PBXBuildFile; fileRef = 46D814491931599D00944BE5 /* 1400953293_arrow-back.png */; };
		46D814651931599D00944BE5 /* 1400974211_badge_stop.png in Resources */ = {isa = PBXBuildFile; fileRef = 46D8144A1931599D00944BE5 /* 1400974211_badge_stop.png */; };
		46D814661931599D00944BE5 /* 1400974309_519698-206_CircledStop.png in Resources */ = {isa = PBXBuildFile; fileRef = 46D8144B1931599D00944BE5 /* 1400974309_519698-206_CircledStop.png */; };
		46D814671931599D00944BE5 /* 1400989748_cloud_cloud-download_.png in Resources */ = {isa = PBXBuildFile; fileRef = 46D8144C1931599D00944BE5 /* 1400989748_cloud_cloud-download_.png */; };
		46D814681931599D00944BE5 /* BACKGROUND.png in Resources */ = {isa = PBXBuildFile; fileRef = 46D8144D1931599D00944BE5 /* BACKGROUND.png */; };
		46D814691931599D00944BE5 /* BACKGROUND2.png in Resources */ = {isa = PBXBuildFile; fileRef = 46D8144E1931599D00944BE5 /* BACKGROUND2.png */; };
		46D8146A1931599D00944BE5 /* BUTTONFOREST.png in Resources */ = {isa = PBXBuildFile; fileRef = 46D8144F1931599D00944BE5 /* BUTTONFOREST.png */; };
		46D8146B1931599D00944BE5 /* CITY.png in Resources */ = {isa = PBXBuildFile; fileRef = 46D814511931599D00944BE5 /* CITY.png */; };
		46D8146C1931599D00944BE5 /* FIREWORKS.png in Resources */ = {isa = PBXBuildFile; fileRef = 46D814521931599D00944BE5 /* FIREWORKS.png */; };
		46D8146D1931599D00944BE5 /* MARKET.png in Resources */ = {isa = PBXBuildFile; fileRef = 46D814531931599D00944BE5 /* MARKET.png */; };
		46D8146E1931599D00944BE5 /* METRO.png in Resources */ = {isa = PBXBuildFile; fileRef = 46D814541931599D00944BE5 /* METRO.png */; };
		46D8146F1931599D00944BE5 /* plane.png in Resources */ = {isa = PBXBuildFile; fileRef = 46D814551931599D00944BE5 /* plane.png */; };
		46D814701931599D00944BE5 /* RAINWITHENERGY.png in Resources */ = {isa = PBXBuildFile; fileRef = 46D814561931599D00944BE5 /* RAINWITHENERGY.png */; };
		46D814711931599D00944BE5 /* STREET.png in Resources */ = {isa = PBXBuildFile; fileRef = 46D814571931599D00944BE5 /* STREET.png */; };
		46D814721931599D00944BE5 /* city-512.png in Resources */ = {isa = PBXBuildFile; fileRef = 46D814581931599D00944BE5 /* city-512.png */; };
		46D814731931599D00944BE5 /* BACKGROUNDOPTION.png in Resources */ = {isa = PBXBuildFile; fileRef = 46D8145A1931599D00944BE5 /* BACKGROUNDOPTION.png */; };
		46D814741931599D00944BE5 /* BRIZZ.png in Resources */ = {isa = PBXBuildFile; fileRef = 46D8145B1931599D00944BE5 /* BRIZZ.png */; };
		46D814751931599D00944BE5 /* FIRE.png in Resources */ = {isa = PBXBuildFile; fileRef = 46D8145C1931599D00944BE5 /* FIRE.png */; };
		46D814761931599D00944BE5 /* FOREST.png in Resources */ = {isa = PBXBuildFile; fileRef = 46D8145D1931599D00944BE5 /* FOREST.png */; };
		46D814771931599D00944BE5 /* MOON.png in Resources */ = {isa = PBXBuildFile; fileRef = 46D8145E1931599D00944BE5 /* MOON.png */; };
		46D814781931599D00944BE5 /* NATURE.png in Resources */ = {isa = PBXBuildFile; fileRef = 46D8145F1931599D00944BE5 /* NATURE.png */; };
		46D814791931599D00944BE5 /* RIVER.png in Resources */ = {isa = PBXBuildFile; fileRef = 46D814601931599D00944BE5 /* RIVER.png */; };
		46D8147A1931599D00944BE5 /* WIND.png in Resources */ = {isa = PBXBuildFile; fileRef = 46D814611931599D00944BE5 /* WIND.png */; };
		46D8147B1931599D00944BE5 /* parks-32-512.png in Resources */ = {isa = PBXBuildFile; fileRef = 46D814621931599D00944BE5 /* parks-32-512.png */; };
		46D8147E1931648700944BE5 /* downloadViewController.m in Sources */ = {isa = PBXBuildFile; fileRef = 46D8147D1931648700944BE5 /* downloadViewController.m */; };
		46D8148719316BB100944BE5 /* tabViewController.m in Sources */ = {isa = PBXBuildFile; fileRef = 46D8148619316BB100944BE5 /* tabViewController.m */; };
		46D8148C1931759600944BE5 /* sett.json in Resources */ = {isa = PBXBuildFile; fileRef = 46D8148B1931759600944BE5 /* sett.json */; };
		46D8148E19318D1900944BE5 /* 1401002876_sleeping.png in Resources */ = {isa = PBXBuildFile; fileRef = 46D8148D19318D1900944BE5 /* 1401002876_sleeping.png */; };
		46D814A319319FC400944BE5 /* brizz.wav in Resources */ = {isa = PBXBuildFile; fileRef = 46D8149219319FC400944BE5 /* brizz.wav */; };
		46D814A419319FC400944BE5 /* da.wav in Resources */ = {isa = PBXBuildFile; fileRef = 46D8149419319FC400944BE5 /* da.wav */; };
		46D814A519319FC400944BE5 /* F1.wav in Resources */ = {isa = PBXBuildFile; fileRef = 46D8149519319FC400944BE5 /* F1.wav */; };
		46D814A619319FC400944BE5 /* MA1.wav in Resources */ = {isa = PBXBuildFile; fileRef = 46D8149619319FC400944BE5 /* MA1.wav */; };
		46D814A719319FC400944BE5 /* ME1.wav in Resources */ = {isa = PBXBuildFile; fileRef = 46D8149719319FC400944BE5 /* ME1.wav */; };
		46D814A819319FC400944BE5 /* R1.wav in Resources */ = {isa = PBXBuildFile; fileRef = 46D8149819319FC400944BE5 /* R1.wav */; };
		46D814A919319FC400944BE5 /* S1.wav in Resources */ = {isa = PBXBuildFile; fileRef = 46D8149919319FC400944BE5 /* S1.wav */; };
		46D814AA19319FC400944BE5 /* F.wav in Resources */ = {isa = PBXBuildFile; fileRef = 46D8149A19319FC400944BE5 /* F.wav */; };
		46D814AB19319FC400944BE5 /* Fi.wav in Resources */ = {isa = PBXBuildFile; fileRef = 46D8149B19319FC400944BE5 /* Fi.wav */; };
		46D814AC19319FC400944BE5 /* Fo.wav in Resources */ = {isa = PBXBuildFile; fileRef = 46D8149C19319FC400944BE5 /* Fo.wav */; };
		46D814AD19319FC400944BE5 /* N.wav in Resources */ = {isa = PBXBuildFile; fileRef = 46D8149D19319FC400944BE5 /* N.wav */; };
		46D814AE19319FC400944BE5 /* P1.wav in Resources */ = {isa = PBXBuildFile; fileRef = 46D8149E19319FC400944BE5 /* P1.wav */; };
		46D814AF19319FC400944BE5 /* R.wav in Resources */ = {isa = PBXBuildFile; fileRef = 46D8149F19319FC400944BE5 /* R.wav */; };
		46D814B019319FC400944BE5 /* S1.wav in Resources */ = {isa = PBXBuildFile; fileRef = 46D814A019319FC400944BE5 /* S1.wav */; };
		46D814B119319FC400944BE5 /* W.wav in Resources */ = {isa = PBXBuildFile; fileRef = 46D814A119319FC400944BE5 /* W.wav */; };
		46D814B219319FC400944BE5 /* WIND.mp3 in Resources */ = {isa = PBXBuildFile; fileRef = 46D814A219319FC400944BE5 /* WIND.mp3 */; };
		46E85F8C1930962A00DD1FD6 /* Foundation.framework in Frameworks */ = {isa = PBXBuildFile; fileRef = 46E85F8B1930962A00DD1FD6 /* Foundation.framework */; };
		46E85F8E1930962A00DD1FD6 /* CoreGraphics.framework in Frameworks */ = {isa = PBXBuildFile; fileRef = 46E85F8D1930962A00DD1FD6 /* CoreGraphics.framework */; };
		46E85F901930962A00DD1FD6 /* UIKit.framework in Frameworks */ = {isa = PBXBuildFile; fileRef = 46E85F8F1930962A00DD1FD6 /* UIKit.framework */; };
		46E85F961930962A00DD1FD6 /* InfoPlist.strings in Resources */ = {isa = PBXBuildFile; fileRef = 46E85F941930962A00DD1FD6 /* InfoPlist.strings */; };
		46E85F981930962A00DD1FD6 /* main.m in Sources */ = {isa = PBXBuildFile; fileRef = 46E85F971930962A00DD1FD6 /* main.m */; };
		46E85F9C1930962A00DD1FD6 /* AppDelegate.m in Sources */ = {isa = PBXBuildFile; fileRef = 46E85F9B1930962A00DD1FD6 /* AppDelegate.m */; };
		46E85F9F1930962A00DD1FD6 /* Main.storyboard in Resources */ = {isa = PBXBuildFile; fileRef = 46E85F9D1930962A00DD1FD6 /* Main.storyboard */; };
		46E85FA21930962A00DD1FD6 /* ViewController.m in Sources */ = {isa = PBXBuildFile; fileRef = 46E85FA11930962A00DD1FD6 /* ViewController.m */; };
		46E85FA41930962A00DD1FD6 /* Images.xcassets in Resources */ = {isa = PBXBuildFile; fileRef = 46E85FA31930962A00DD1FD6 /* Images.xcassets */; };
		46E85FAB1930962A00DD1FD6 /* XCTest.framework in Frameworks */ = {isa = PBXBuildFile; fileRef = 46E85FAA1930962A00DD1FD6 /* XCTest.framework */; };
		46E85FAC1930962A00DD1FD6 /* Foundation.framework in Frameworks */ = {isa = PBXBuildFile; fileRef = 46E85F8B1930962A00DD1FD6 /* Foundation.framework */; };
		46E85FAD1930962A00DD1FD6 /* UIKit.framework in Frameworks */ = {isa = PBXBuildFile; fileRef = 46E85F8F1930962A00DD1FD6 /* UIKit.framework */; };
		46E85FB51930962A00DD1FD6 /* InfoPlist.strings in Resources */ = {isa = PBXBuildFile; fileRef = 46E85FB31930962A00DD1FD6 /* InfoPlist.strings */; };
		46E85FB71930962A00DD1FD6 /* UptoskyTests.m in Sources */ = {isa = PBXBuildFile; fileRef = 46E85FB61930962A00DD1FD6 /* UptoskyTests.m */; };
		46E85FC1193096A800DD1FD6 /* 222.png in Resources */ = {isa = PBXBuildFile; fileRef = 46E85FC0193096A800DD1FD6 /* 222.png */; };
		46E85FC8193097CF00DD1FD6 /* ForestController.m in Sources */ = {isa = PBXBuildFile; fileRef = 46E85FC7193097CF00DD1FD6 /* ForestController.m */; };
		46E85FCE19309F0B00DD1FD6 /* UICircularSlider.m in Sources */ = {isa = PBXBuildFile; fileRef = 46E85FCC19309F0B00DD1FD6 /* UICircularSlider.m */; };
		46E85FD01930A71200DD1FD6 /* AVFoundation.framework in Frameworks */ = {isa = PBXBuildFile; fileRef = 46E85FCF1930A71200DD1FD6 /* AVFoundation.framework */; };
		46E85FEA1930BB8000DD1FD6 /* F.wav in Resources */ = {isa = PBXBuildFile; fileRef = 46E85FE81930BB8000DD1FD6 /* F.wav */; };
		46E85FEB1930BB8000DD1FD6 /* W.wav in Resources */ = {isa = PBXBuildFile; fileRef = 46E85FE91930BB8000DD1FD6 /* W.wav */; };
		46E85FF11930C97900DD1FD6 /* settViewController.m in Sources */ = {isa = PBXBuildFile; fileRef = 46E85FF01930C97900DD1FD6 /* settViewController.m */; };
		46E85FF31930C9D100DD1FD6 /* 1400952953_editor_setting_gear_.png in Resources */ = {isa = PBXBuildFile; fileRef = 46E85FF21930C9D100DD1FD6 /* 1400952953_editor_setting_gear_.png */; };
		46E85FF91930CB6D00DD1FD6 /* 1400952953_editor_setting_gear_.png in Resources */ = {isa = PBXBuildFile; fileRef = 46E85FF51930CB6D00DD1FD6 /* 1400952953_editor_setting_gear_.png */; };
		46E85FFA1930CB6D00DD1FD6 /* 1400953293_arrow-back.png in Resources */ = {isa = PBXBuildFile; fileRef = 46E85FF61930CB6D00DD1FD6 /* 1400953293_arrow-back.png */; };
		46E85FFB1930CB6D00DD1FD6 /* city-512.png in Resources */ = {isa = PBXBuildFile; fileRef = 46E85FF71930CB6D00DD1FD6 /* city-512.png */; };
		46E85FFC1930CB6D00DD1FD6 /* parks-32-512.png in Resources */ = {isa = PBXBuildFile; fileRef = 46E85FF81930CB6D00DD1FD6 /* parks-32-512.png */; };
		46E860031930D3B600DD1FD6 /* brizz.wav in Resources */ = {isa = PBXBuildFile; fileRef = 46E85FFE1930D3B600DD1FD6 /* brizz.wav */; };
		46E860041930D3B600DD1FD6 /* Fi.wav in Resources */ = {isa = PBXBuildFile; fileRef = 46E85FFF1930D3B600DD1FD6 /* Fi.wav */; };
		46E860051930D3B600DD1FD6 /* Fo.wav in Resources */ = {isa = PBXBuildFile; fileRef = 46E860001930D3B600DD1FD6 /* Fo.wav */; };
		46E860061930D3B600DD1FD6 /* N.wav in Resources */ = {isa = PBXBuildFile; fileRef = 46E860011930D3B600DD1FD6 /* N.wav */; };
		46E860071930D3B600DD1FD6 /* R.wav in Resources */ = {isa = PBXBuildFile; fileRef = 46E860021930D3B600DD1FD6 /* R.wav */; };
		46EA825E1930DE1D00B23014 /* BUTTONFOREST.png in Resources */ = {isa = PBXBuildFile; fileRef = 46EA825D1930DE1D00B23014 /* BUTTONFOREST.png */; };
		46EA82611930E35F00B23014 /* BACKGROUND.png in Resources */ = {isa = PBXBuildFile; fileRef = 46EA825F1930E35F00B23014 /* BACKGROUND.png */; };
		46EA82621930E35F00B23014 /* BACKGROUND2.png in Resources */ = {isa = PBXBuildFile; fileRef = 46EA82601930E35F00B23014 /* BACKGROUND2.png */; };
		46EA82651930F7C600B23014 /* previewCell.m in Sources */ = {isa = PBXBuildFile; fileRef = 46EA82641930F7C600B23014 /* previewCell.m */; };
		46EA827F1931140500B23014 /* 1400952953_editor_setting_gear_.png in Resources */ = {isa = PBXBuildFile; fileRef = 46EA82671931140500B23014 /* 1400952953_editor_setting_gear_.png */; };
		46EA82801931140500B23014 /* 1400953293_arrow-back.png in Resources */ = {isa = PBXBuildFile; fileRef = 46EA82681931140500B23014 /* 1400953293_arrow-back.png */; };
		46EA82811931140500B23014 /* BACKGROUND.png in Resources */ = {isa = PBXBuildFile; fileRef = 46EA82691931140500B23014 /* BACKGROUND.png */; };
		46EA82821931140500B23014 /* BACKGROUND2.png in Resources */ = {isa = PBXBuildFile; fileRef = 46EA826A1931140500B23014 /* BACKGROUND2.png */; };
		46EA82831931140500B23014 /* BUTTONFOREST.png in Resources */ = {isa = PBXBuildFile; fileRef = 46EA826B1931140500B23014 /* BUTTONFOREST.png */; };
		46EA82841931140500B23014 /* CITY.png in Resources */ = {isa = PBXBuildFile; fileRef = 46EA826D1931140500B23014 /* CITY.png */; };
		46EA82851931140500B23014 /* FIREWORKS.png in Resources */ = {isa = PBXBuildFile; fileRef = 46EA826E1931140500B23014 /* FIREWORKS.png */; };
		46EA82861931140500B23014 /* MARKET.png in Resources */ = {isa = PBXBuildFile; fileRef = 46EA826F1931140500B23014 /* MARKET.png */; };
		46EA82871931140500B23014 /* METRO.png in Resources */ = {isa = PBXBuildFile; fileRef = 46EA82701931140500B23014 /* METRO.png */; };
		46EA82881931140500B23014 /* plane.png in Resources */ = {isa = PBXBuildFile; fileRef = 46EA82711931140500B23014 /* plane.png */; };
		46EA82891931140500B23014 /* RAINWITHENERGY.png in Resources */ = {isa = PBXBuildFile; fileRef = 46EA82721931140500B23014 /* RAINWITHENERGY.png */; };
		46EA828A1931140500B23014 /* STREET.png in Resources */ = {isa = PBXBuildFile; fileRef = 46EA82731931140500B23014 /* STREET.png */; };
		46EA828B1931140500B23014 /* city-512.png in Resources */ = {isa = PBXBuildFile; fileRef = 46EA82741931140500B23014 /* city-512.png */; };
		46EA828C1931140500B23014 /* BACKGROUNDOPTION.png in Resources */ = {isa = PBXBuildFile; fileRef = 46EA82761931140500B23014 /* BACKGROUNDOPTION.png */; };
		46EA828D1931140500B23014 /* BRIZZ.png in Resources */ = {isa = PBXBuildFile; fileRef = 46EA82771931140500B23014 /* BRIZZ.png */; };
		46EA828E1931140500B23014 /* FIRE.png in Resources */ = {isa = PBXBuildFile; fileRef = 46EA82781931140500B23014 /* FIRE.png */; };
		46EA828F1931140500B23014 /* FOREST.png in Resources */ = {isa = PBXBuildFile; fileRef = 46EA82791931140500B23014 /* FOREST.png */; };
		46EA82901931140500B23014 /* MOON.png in Resources */ = {isa = PBXBuildFile; fileRef = 46EA827A1931140500B23014 /* MOON.png */; };
		46EA82911931140500B23014 /* NATURE.png in Resources */ = {isa = PBXBuildFile; fileRef = 46EA827B1931140500B23014 /* NATURE.png */; };
		46EA82921931140500B23014 /* RIVER.png in Resources */ = {isa = PBXBuildFile; fileRef = 46EA827C1931140500B23014 /* RIVER.png */; };
		46EA82931931140500B23014 /* WIND.png in Resources */ = {isa = PBXBuildFile; fileRef = 46EA827D1931140500B23014 /* WIND.png */; };
		46EA82941931140500B23014 /* parks-32-512.png in Resources */ = {isa = PBXBuildFile; fileRef = 46EA827E1931140500B23014 /* parks-32-512.png */; };
		46EA82A6193116ED00B23014 /* F1.wav in Resources */ = {isa = PBXBuildFile; fileRef = 46EA8298193116ED00B23014 /* F1.wav */; };
		46EA82A7193116ED00B23014 /* MA1.wav in Resources */ = {isa = PBXBuildFile; fileRef = 46EA8299193116ED00B23014 /* MA1.wav */; };
		46EA82A8193116ED00B23014 /* ME1.wav in Resources */ = {isa = PBXBuildFile; fileRef = 46EA829A193116ED00B23014 /* ME1.wav */; };
		46EA82A9193116ED00B23014 /* da.wav in Resources */ = {isa = PBXBuildFile; fileRef = 46EA829B193116ED00B23014 /* da.wav */; };
		46EA82AA193116ED00B23014 /* R1.wav in Resources */ = {isa = PBXBuildFile; fileRef = 46EA829C193116ED00B23014 /* R1.wav */; };
		46EA82AB193116ED00B23014 /* S1.wav in Resources */ = {isa = PBXBuildFile; fileRef = 46EA829D193116ED00B23014 /* S1.wav */; };
		46EA82AC193116ED00B23014 /* F.wav in Resources */ = {isa = PBXBuildFile; fileRef = 46EA829E193116ED00B23014 /* F.wav */; };
		46EA82AD193116ED00B23014 /* Fi.wav in Resources */ = {isa = PBXBuildFile; fileRef = 46EA829F193116ED00B23014 /* Fi.wav */; };
		46EA82AE193116ED00B23014 /* Fo.wav in Resources */ = {isa = PBXBuildFile; fileRef = 46EA82A0193116ED00B23014 /* Fo.wav */; };
		46EA82AF193116ED00B23014 /* N.wav in Resources */ = {isa = PBXBuildFile; fileRef = 46EA82A1193116ED00B23014 /* N.wav */; };
		46EA82B0193116ED00B23014 /* R.wav in Resources */ = {isa = PBXBuildFile; fileRef = 46EA82A2193116ED00B23014 /* R.wav */; };
		46EA82B1193116ED00B23014 /* W.wav in Resources */ = {isa = PBXBuildFile; fileRef = 46EA82A3193116ED00B23014 /* W.wav */; };
		46EA82B2193116ED00B23014 /* WIND.mp3 in Resources */ = {isa = PBXBuildFile; fileRef = 46EA82A4193116ED00B23014 /* WIND.mp3 */; };
		46EA82B81931183600B23014 /* cityViewController.m in Sources */ = {isa = PBXBuildFile; fileRef = 46EA82B71931183600B23014 /* cityViewController.m */; };
		46EA82D319311CE800B23014 /* 1400952953_editor_setting_gear_.png in Resources */ = {isa = PBXBuildFile; fileRef = 46EA82BA19311CE800B23014 /* 1400952953_editor_setting_gear_.png */; };
		46EA82D419311CE800B23014 /* 1400953293_arrow-back.png in Resources */ = {isa = PBXBuildFile; fileRef = 46EA82BB19311CE800B23014 /* 1400953293_arrow-back.png */; };
		46EA82D519311CE800B23014 /* 1400974211_badge_stop.png in Resources */ = {isa = PBXBuildFile; fileRef = 46EA82BC19311CE800B23014 /* 1400974211_badge_stop.png */; };
		46EA82D619311CE800B23014 /* BACKGROUND.png in Resources */ = {isa = PBXBuildFile; fileRef = 46EA82BD19311CE800B23014 /* BACKGROUND.png */; };
		46EA82D719311CE800B23014 /* BACKGROUND2.png in Resources */ = {isa = PBXBuildFile; fileRef = 46EA82BE19311CE800B23014 /* BACKGROUND2.png */; };
		46EA82D819311CE800B23014 /* BUTTONFOREST.png in Resources */ = {isa = PBXBuildFile; fileRef = 46EA82BF19311CE800B23014 /* BUTTONFOREST.png */; };
		46EA82D919311CE800B23014 /* CITY.png in Resources */ = {isa = PBXBuildFile; fileRef = 46EA82C119311CE800B23014 /* CITY.png */; };
		46EA82DA19311CE800B23014 /* FIREWORKS.png in Resources */ = {isa = PBXBuildFile; fileRef = 46EA82C219311CE800B23014 /* FIREWORKS.png */; };
		46EA82DB19311CE800B23014 /* MARKET.png in Resources */ = {isa = PBXBuildFile; fileRef = 46EA82C319311CE800B23014 /* MARKET.png */; };
		46EA82DC19311CE800B23014 /* METRO.png in Resources */ = {isa = PBXBuildFile; fileRef = 46EA82C419311CE800B23014 /* METRO.png */; };
		46EA82DD19311CE800B23014 /* plane.png in Resources */ = {isa = PBXBuildFile; fileRef = 46EA82C519311CE800B23014 /* plane.png */; };
		46EA82DE19311CE800B23014 /* RAINWITHENERGY.png in Resources */ = {isa = PBXBuildFile; fileRef = 46EA82C619311CE800B23014 /* RAINWITHENERGY.png */; };
		46EA82DF19311CE800B23014 /* STREET.png in Resources */ = {isa = PBXBuildFile; fileRef = 46EA82C719311CE800B23014 /* STREET.png */; };
		46EA82E019311CE800B23014 /* city-512.png in Resources */ = {isa = PBXBuildFile; fileRef = 46EA82C819311CE800B23014 /* city-512.png */; };
		46EA82E119311CE800B23014 /* BACKGROUNDOPTION.png in Resources */ = {isa = PBXBuildFile; fileRef = 46EA82CA19311CE800B23014 /* BACKGROUNDOPTION.png */; };
		46EA82E219311CE800B23014 /* BRIZZ.png in Resources */ = {isa = PBXBuildFile; fileRef = 46EA82CB19311CE800B23014 /* BRIZZ.png */; };
		46EA82E319311CE800B23014 /* FIRE.png in Resources */ = {isa = PBXBuildFile; fileRef = 46EA82CC19311CE800B23014 /* FIRE.png */; };
		46EA82E419311CE800B23014 /* FOREST.png in Resources */ = {isa = PBXBuildFile; fileRef = 46EA82CD19311CE800B23014 /* FOREST.png */; };
		46EA82E519311CE800B23014 /* MOON.png in Resources */ = {isa = PBXBuildFile; fileRef = 46EA82CE19311CE800B23014 /* MOON.png */; };
		46EA82E619311CE800B23014 /* NATURE.png in Resources */ = {isa = PBXBuildFile; fileRef = 46EA82CF19311CE800B23014 /* NATURE.png */; };
		46EA82E719311CE800B23014 /* RIVER.png in Resources */ = {isa = PBXBuildFile; fileRef = 46EA82D019311CE800B23014 /* RIVER.png */; };
		46EA82E819311CE800B23014 /* WIND.png in Resources */ = {isa = PBXBuildFile; fileRef = 46EA82D119311CE800B23014 /* WIND.png */; };
		46EA82E919311CE800B23014 /* parks-32-512.png in Resources */ = {isa = PBXBuildFile; fileRef = 46EA82D219311CE800B23014 /* parks-32-512.png */; };
		46EA82EB19311D5300B23014 /* 1400974309_519698-206_CircledStop.png in Resources */ = {isa = PBXBuildFile; fileRef = 46EA82EA19311D5300B23014 /* 1400974309_519698-206_CircledStop.png */; };
		A58A92513297403D8DE1743E /* libPods.a in Frameworks */ = {isa = PBXBuildFile; fileRef = C55A353BC7444A84935DDAAC /* libPods.a */; };
/* End PBXBuildFile section */

/* Begin PBXContainerItemProxy section */
		46E85FAE1930962A00DD1FD6 /* PBXContainerItemProxy */ = {
			isa = PBXContainerItemProxy;
			containerPortal = 46E85F801930962A00DD1FD6 /* Project object */;
			proxyType = 1;
			remoteGlobalIDString = 46E85F871930962A00DD1FD6;
			remoteInfo = Uptosky;
		};
/* End PBXContainerItemProxy section */

/* Begin PBXFileReference section */
		06979014B6A048B18132C400 /* Pods.xcconfig */ = {isa = PBXFileReference; includeInIndex = 1; lastKnownFileType = text.xcconfig; name = Pods.xcconfig; path = Pods/Pods.xcconfig; sourceTree = "<group>"; };
		46D814411931564800944BE5 /* tableTableViewController.h */ = {isa = PBXFileReference; fileEncoding = 4; lastKnownFileType = sourcecode.c.h; path = tableTableViewController.h; sourceTree = "<group>"; };
		46D814421931564800944BE5 /* tableTableViewController.m */ = {isa = PBXFileReference; fileEncoding = 4; lastKnownFileType = sourcecode.c.objc; path = tableTableViewController.m; sourceTree = "<group>"; };
		46D814441931590400944BE5 /* tableUIViewController.h */ = {isa = PBXFileReference; fileEncoding = 4; lastKnownFileType = sourcecode.c.h; path = tableUIViewController.h; sourceTree = "<group>"; };
		46D814451931590400944BE5 /* tableUIViewController.m */ = {isa = PBXFileReference; fileEncoding = 4; lastKnownFileType = sourcecode.c.objc; path = tableUIViewController.m; sourceTree = "<group>"; };
		46D814481931599D00944BE5 /* 1400952953_editor_setting_gear_.png */ = {isa = PBXFileReference; lastKnownFileType = image.png; path = 1400952953_editor_setting_gear_.png; sourceTree = "<group>"; };
		46D814491931599D00944BE5 /* 1400953293_arrow-back.png */ = {isa = PBXFileReference; lastKnownFileType = image.png; path = "1400953293_arrow-back.png"; sourceTree = "<group>"; };
		46D8144A1931599D00944BE5 /* 1400974211_badge_stop.png */ = {isa = PBXFileReference; lastKnownFileType = image.png; path = 1400974211_badge_stop.png; sourceTree = "<group>"; };
		46D8144B1931599D00944BE5 /* 1400974309_519698-206_CircledStop.png */ = {isa = PBXFileReference; lastKnownFileType = image.png; path = "1400974309_519698-206_CircledStop.png"; sourceTree = "<group>"; };
		46D8144C1931599D00944BE5 /* 1400989748_cloud_cloud-download_.png */ = {isa = PBXFileReference; lastKnownFileType = image.png; path = "1400989748_cloud_cloud-download_.png"; sourceTree = "<group>"; };
		46D8144D1931599D00944BE5 /* BACKGROUND.png */ = {isa = PBXFileReference; lastKnownFileType = image.png; path = BACKGROUND.png; sourceTree = "<group>"; };
		46D8144E1931599D00944BE5 /* BACKGROUND2.png */ = {isa = PBXFileReference; lastKnownFileType = image.png; path = BACKGROUND2.png; sourceTree = "<group>"; };
		46D8144F1931599D00944BE5 /* BUTTONFOREST.png */ = {isa = PBXFileReference; lastKnownFileType = image.png; path = BUTTONFOREST.png; sourceTree = "<group>"; };
		46D814511931599D00944BE5 /* CITY.png */ = {isa = PBXFileReference; lastKnownFileType = image.png; path = CITY.png; sourceTree = "<group>"; };
		46D814521931599D00944BE5 /* FIREWORKS.png */ = {isa = PBXFileReference; lastKnownFileType = image.png; path = FIREWORKS.png; sourceTree = "<group>"; };
		46D814531931599D00944BE5 /* MARKET.png */ = {isa = PBXFileReference; lastKnownFileType = image.png; path = MARKET.png; sourceTree = "<group>"; };
		46D814541931599D00944BE5 /* METRO.png */ = {isa = PBXFileReference; lastKnownFileType = image.png; path = METRO.png; sourceTree = "<group>"; };
		46D814551931599D00944BE5 /* plane.png */ = {isa = PBXFileReference; lastKnownFileType = image.png; path = plane.png; sourceTree = "<group>"; };
		46D814561931599D00944BE5 /* RAINWITHENERGY.png */ = {isa = PBXFileReference; lastKnownFileType = image.png; path = RAINWITHENERGY.png; sourceTree = "<group>"; };
		46D814571931599D00944BE5 /* STREET.png */ = {isa = PBXFileReference; lastKnownFileType = image.png; path = STREET.png; sourceTree = "<group>"; };
		46D814581931599D00944BE5 /* city-512.png */ = {isa = PBXFileReference; lastKnownFileType = image.png; path = "city-512.png"; sourceTree = "<group>"; };
		46D8145A1931599D00944BE5 /* BACKGROUNDOPTION.png */ = {isa = PBXFileReference; lastKnownFileType = image.png; path = BACKGROUNDOPTION.png; sourceTree = "<group>"; };
		46D8145B1931599D00944BE5 /* BRIZZ.png */ = {isa = PBXFileReference; lastKnownFileType = image.png; path = BRIZZ.png; sourceTree = "<group>"; };
		46D8145C1931599D00944BE5 /* FIRE.png */ = {isa = PBXFileReference; lastKnownFileType = image.png; path = FIRE.png; sourceTree = "<group>"; };
		46D8145D1931599D00944BE5 /* FOREST.png */ = {isa = PBXFileReference; lastKnownFileType = image.png; path = FOREST.png; sourceTree = "<group>"; };
		46D8145E1931599D00944BE5 /* MOON.png */ = {isa = PBXFileReference; lastKnownFileType = image.png; path = MOON.png; sourceTree = "<group>"; };
		46D8145F1931599D00944BE5 /* NATURE.png */ = {isa = PBXFileReference; lastKnownFileType = image.png; path = NATURE.png; sourceTree = "<group>"; };
		46D814601931599D00944BE5 /* RIVER.png */ = {isa = PBXFileReference; lastKnownFileType = image.png; path = RIVER.png; sourceTree = "<group>"; };
		46D814611931599D00944BE5 /* WIND.png */ = {isa = PBXFileReference; lastKnownFileType = image.png; path = WIND.png; sourceTree = "<group>"; };
		46D814621931599D00944BE5 /* parks-32-512.png */ = {isa = PBXFileReference; lastKnownFileType = image.png; path = "parks-32-512.png"; sourceTree = "<group>"; };
		46D8147C1931648700944BE5 /* downloadViewController.h */ = {isa = PBXFileReference; fileEncoding = 4; lastKnownFileType = sourcecode.c.h; path = downloadViewController.h; sourceTree = "<group>"; };
		46D8147D1931648700944BE5 /* downloadViewController.m */ = {isa = PBXFileReference; fileEncoding = 4; lastKnownFileType = sourcecode.c.objc; path = downloadViewController.m; sourceTree = "<group>"; };
		46D8148519316BB100944BE5 /* tabViewController.h */ = {isa = PBXFileReference; fileEncoding = 4; lastKnownFileType = sourcecode.c.h; path = tabViewController.h; sourceTree = "<group>"; };
		46D8148619316BB100944BE5 /* tabViewController.m */ = {isa = PBXFileReference; fileEncoding = 4; lastKnownFileType = sourcecode.c.objc; path = tabViewController.m; sourceTree = "<group>"; };
		46D8148B1931759600944BE5 /* sett.json */ = {isa = PBXFileReference; fileEncoding = 4; lastKnownFileType = text.json; path = sett.json; sourceTree = "<group>"; };
		46D8148D19318D1900944BE5 /* 1401002876_sleeping.png */ = {isa = PBXFileReference; lastKnownFileType = image.png; path = 1401002876_sleeping.png; sourceTree = "<group>"; };
		46D8149219319FC400944BE5 /* brizz.wav */ = {isa = PBXFileReference; lastKnownFileType = audio.wav; path = brizz.wav; sourceTree = "<group>"; };
		46D8149419319FC400944BE5 /* da.wav */ = {isa = PBXFileReference; lastKnownFileType = audio.wav; path = da.wav; sourceTree = "<group>"; };
		46D8149519319FC400944BE5 /* F1.wav */ = {isa = PBXFileReference; lastKnownFileType = audio.wav; path = F1.wav; sourceTree = "<group>"; };
		46D8149619319FC400944BE5 /* MA1.wav */ = {isa = PBXFileReference; lastKnownFileType = audio.wav; path = MA1.wav; sourceTree = "<group>"; };
		46D8149719319FC400944BE5 /* ME1.wav */ = {isa = PBXFileReference; lastKnownFileType = audio.wav; path = ME1.wav; sourceTree = "<group>"; };
		46D8149819319FC400944BE5 /* R1.wav */ = {isa = PBXFileReference; lastKnownFileType = audio.wav; path = R1.wav; sourceTree = "<group>"; };
		46D8149919319FC400944BE5 /* S1.wav */ = {isa = PBXFileReference; lastKnownFileType = audio.wav; path = S1.wav; sourceTree = "<group>"; };
		46D8149A19319FC400944BE5 /* F.wav */ = {isa = PBXFileReference; lastKnownFileType = audio.wav; path = F.wav; sourceTree = "<group>"; };
		46D8149B19319FC400944BE5 /* Fi.wav */ = {isa = PBXFileReference; lastKnownFileType = audio.wav; path = Fi.wav; sourceTree = "<group>"; };
		46D8149C19319FC400944BE5 /* Fo.wav */ = {isa = PBXFileReference; lastKnownFileType = audio.wav; path = Fo.wav; sourceTree = "<group>"; };
		46D8149D19319FC400944BE5 /* N.wav */ = {isa = PBXFileReference; lastKnownFileType = audio.wav; path = N.wav; sourceTree = "<group>"; };
		46D8149E19319FC400944BE5 /* P1.wav */ = {isa = PBXFileReference; lastKnownFileType = audio.wav; path = P1.wav; sourceTree = "<group>"; };
		46D8149F19319FC400944BE5 /* R.wav */ = {isa = PBXFileReference; lastKnownFileType = audio.wav; path = R.wav; sourceTree = "<group>"; };
		46D814A019319FC400944BE5 /* S1.wav */ = {isa = PBXFileReference; lastKnownFileType = audio.wav; path = S1.wav; sourceTree = "<group>"; };
		46D814A119319FC400944BE5 /* W.wav */ = {isa = PBXFileReference; lastKnownFileType = audio.wav; path = W.wav; sourceTree = "<group>"; };
		46D814A219319FC400944BE5 /* WIND.mp3 */ = {isa = PBXFileReference; lastKnownFileType = audio.mp3; path = WIND.mp3; sourceTree = "<group>"; };
		46E85F881930962A00DD1FD6 /* Uptosky.app */ = {isa = PBXFileReference; explicitFileType = wrapper.application; includeInIndex = 0; path = Uptosky.app; sourceTree = BUILT_PRODUCTS_DIR; };
		46E85F8B1930962A00DD1FD6 /* Foundation.framework */ = {isa = PBXFileReference; lastKnownFileType = wrapper.framework; name = Foundation.framework; path = System/Library/Frameworks/Foundation.framework; sourceTree = SDKROOT; };
		46E85F8D1930962A00DD1FD6 /* CoreGraphics.framework */ = {isa = PBXFileReference; lastKnownFileType = wrapper.framework; name = CoreGraphics.framework; path = System/Library/Frameworks/CoreGraphics.framework; sourceTree = SDKROOT; };
		46E85F8F1930962A00DD1FD6 /* UIKit.framework */ = {isa = PBXFileReference; lastKnownFileType = wrapper.framework; name = UIKit.framework; path = System/Library/Frameworks/UIKit.framework; sourceTree = SDKROOT; };
		46E85F931930962A00DD1FD6 /* Uptosky-Info.plist */ = {isa = PBXFileReference; lastKnownFileType = text.plist.xml; path = "Uptosky-Info.plist"; sourceTree = "<group>"; };
		46E85F951930962A00DD1FD6 /* en */ = {isa = PBXFileReference; lastKnownFileType = text.plist.strings; name = en; path = en.lproj/InfoPlist.strings; sourceTree = "<group>"; };
		46E85F971930962A00DD1FD6 /* main.m */ = {isa = PBXFileReference; lastKnownFileType = sourcecode.c.objc; path = main.m; sourceTree = "<group>"; };
		46E85F991930962A00DD1FD6 /* Uptosky-Prefix.pch */ = {isa = PBXFileReference; lastKnownFileType = sourcecode.c.h; path = "Uptosky-Prefix.pch"; sourceTree = "<group>"; };
		46E85F9A1930962A00DD1FD6 /* AppDelegate.h */ = {isa = PBXFileReference; lastKnownFileType = sourcecode.c.h; path = AppDelegate.h; sourceTree = "<group>"; };
		46E85F9B1930962A00DD1FD6 /* AppDelegate.m */ = {isa = PBXFileReference; lastKnownFileType = sourcecode.c.objc; path = AppDelegate.m; sourceTree = "<group>"; };
		46E85F9E1930962A00DD1FD6 /* Base */ = {isa = PBXFileReference; lastKnownFileType = file.storyboard; name = Base; path = Base.lproj/Main.storyboard; sourceTree = "<group>"; };
		46E85FA01930962A00DD1FD6 /* ViewController.h */ = {isa = PBXFileReference; lastKnownFileType = sourcecode.c.h; path = ViewController.h; sourceTree = "<group>"; };
		46E85FA11930962A00DD1FD6 /* ViewController.m */ = {isa = PBXFileReference; lastKnownFileType = sourcecode.c.objc; path = ViewController.m; sourceTree = "<group>"; };
		46E85FA31930962A00DD1FD6 /* Images.xcassets */ = {isa = PBXFileReference; lastKnownFileType = folder.assetcatalog; path = Images.xcassets; sourceTree = "<group>"; };
		46E85FA91930962A00DD1FD6 /* UptoskyTests.xctest */ = {isa = PBXFileReference; explicitFileType = wrapper.cfbundle; includeInIndex = 0; path = UptoskyTests.xctest; sourceTree = BUILT_PRODUCTS_DIR; };
		46E85FAA1930962A00DD1FD6 /* XCTest.framework */ = {isa = PBXFileReference; lastKnownFileType = wrapper.framework; name = XCTest.framework; path = Library/Frameworks/XCTest.framework; sourceTree = DEVELOPER_DIR; };
		46E85FB21930962A00DD1FD6 /* UptoskyTests-Info.plist */ = {isa = PBXFileReference; lastKnownFileType = text.plist.xml; path = "UptoskyTests-Info.plist"; sourceTree = "<group>"; };
		46E85FB41930962A00DD1FD6 /* en */ = {isa = PBXFileReference; lastKnownFileType = text.plist.strings; name = en; path = en.lproj/InfoPlist.strings; sourceTree = "<group>"; };
		46E85FB61930962A00DD1FD6 /* UptoskyTests.m */ = {isa = PBXFileReference; lastKnownFileType = sourcecode.c.objc; path = UptoskyTests.m; sourceTree = "<group>"; };
		46E85FC0193096A800DD1FD6 /* 222.png */ = {isa = PBXFileReference; lastKnownFileType = image.png; name = 222.png; path = ../../../../222.png; sourceTree = "<group>"; };
		46E85FC6193097CF00DD1FD6 /* ForestController.h */ = {isa = PBXFileReference; fileEncoding = 4; lastKnownFileType = sourcecode.c.h; path = ForestController.h; sourceTree = "<group>"; };
		46E85FC7193097CF00DD1FD6 /* ForestController.m */ = {isa = PBXFileReference; fileEncoding = 4; lastKnownFileType = sourcecode.c.objc; path = ForestController.m; sourceTree = "<group>"; };
		46E85FCB19309F0B00DD1FD6 /* UICircularSlider.h */ = {isa = PBXFileReference; fileEncoding = 4; lastKnownFileType = sourcecode.c.h; path = UICircularSlider.h; sourceTree = "<group>"; };
		46E85FCC19309F0B00DD1FD6 /* UICircularSlider.m */ = {isa = PBXFileReference; fileEncoding = 4; lastKnownFileType = sourcecode.c.objc; path = UICircularSlider.m; sourceTree = "<group>"; };
		46E85FCF1930A71200DD1FD6 /* AVFoundation.framework */ = {isa = PBXFileReference; lastKnownFileType = wrapper.framework; name = AVFoundation.framework; path = System/Library/Frameworks/AVFoundation.framework; sourceTree = SDKROOT; };
		46E85FE81930BB8000DD1FD6 /* F.wav */ = {isa = PBXFileReference; lastKnownFileType = audio.wav; name = F.wav; path = Sounds/F.wav; sourceTree = "<group>"; };
		46E85FE91930BB8000DD1FD6 /* W.wav */ = {isa = PBXFileReference; lastKnownFileType = audio.wav; name = W.wav; path = Sounds/W.wav; sourceTree = "<group>"; };
		46E85FEF1930C97900DD1FD6 /* settViewController.h */ = {isa = PBXFileReference; fileEncoding = 4; lastKnownFileType = sourcecode.c.h; path = settViewController.h; sourceTree = "<group>"; };
		46E85FF01930C97900DD1FD6 /* settViewController.m */ = {isa = PBXFileReference; fileEncoding = 4; lastKnownFileType = sourcecode.c.objc; path = settViewController.m; sourceTree = "<group>"; };
		46E85FF21930C9D100DD1FD6 /* 1400952953_editor_setting_gear_.png */ = {isa = PBXFileReference; lastKnownFileType = image.png; path = 1400952953_editor_setting_gear_.png; sourceTree = "<group>"; };
		46E85FF51930CB6D00DD1FD6 /* 1400952953_editor_setting_gear_.png */ = {isa = PBXFileReference; lastKnownFileType = image.png; path = 1400952953_editor_setting_gear_.png; sourceTree = "<group>"; };
		46E85FF61930CB6D00DD1FD6 /* 1400953293_arrow-back.png */ = {isa = PBXFileReference; lastKnownFileType = image.png; path = "1400953293_arrow-back.png"; sourceTree = "<group>"; };
		46E85FF71930CB6D00DD1FD6 /* city-512.png */ = {isa = PBXFileReference; lastKnownFileType = image.png; path = "city-512.png"; sourceTree = "<group>"; };
		46E85FF81930CB6D00DD1FD6 /* parks-32-512.png */ = {isa = PBXFileReference; lastKnownFileType = image.png; path = "parks-32-512.png"; sourceTree = "<group>"; };
		46E85FFE1930D3B600DD1FD6 /* brizz.wav */ = {isa = PBXFileReference; lastKnownFileType = audio.wav; name = brizz.wav; path = Sounds/brizz.wav; sourceTree = "<group>"; };
		46E85FFF1930D3B600DD1FD6 /* Fi.wav */ = {isa = PBXFileReference; lastKnownFileType = audio.wav; name = Fi.wav; path = Sounds/Fi.wav; sourceTree = "<group>"; };
		46E860001930D3B600DD1FD6 /* Fo.wav */ = {isa = PBXFileReference; lastKnownFileType = audio.wav; name = Fo.wav; path = Sounds/Fo.wav; sourceTree = "<group>"; };
		46E860011930D3B600DD1FD6 /* N.wav */ = {isa = PBXFileReference; lastKnownFileType = audio.wav; name = N.wav; path = Sounds/N.wav; sourceTree = "<group>"; };
		46E860021930D3B600DD1FD6 /* R.wav */ = {isa = PBXFileReference; lastKnownFileType = audio.wav; name = R.wav; path = Sounds/R.wav; sourceTree = "<group>"; };
		46EA825D1930DE1D00B23014 /* BUTTONFOREST.png */ = {isa = PBXFileReference; lastKnownFileType = image.png; name = BUTTONFOREST.png; path = Images/BUTTONFOREST.png; sourceTree = "<group>"; };
		46EA825F1930E35F00B23014 /* BACKGROUND.png */ = {isa = PBXFileReference; lastKnownFileType = image.png; name = BACKGROUND.png; path = Images/BACKGROUND.png; sourceTree = "<group>"; };
		46EA82601930E35F00B23014 /* BACKGROUND2.png */ = {isa = PBXFileReference; lastKnownFileType = image.png; name = BACKGROUND2.png; path = Images/BACKGROUND2.png; sourceTree = "<group>"; };
		46EA82631930F7C600B23014 /* previewCell.h */ = {isa = PBXFileReference; fileEncoding = 4; lastKnownFileType = sourcecode.c.h; path = previewCell.h; sourceTree = "<group>"; };
		46EA82641930F7C600B23014 /* previewCell.m */ = {isa = PBXFileReference; fileEncoding = 4; lastKnownFileType = sourcecode.c.objc; path = previewCell.m; sourceTree = "<group>"; };
		46EA82671931140500B23014 /* 1400952953_editor_setting_gear_.png */ = {isa = PBXFileReference; lastKnownFileType = image.png; path = 1400952953_editor_setting_gear_.png; sourceTree = "<group>"; };
		46EA82681931140500B23014 /* 1400953293_arrow-back.png */ = {isa = PBXFileReference; lastKnownFileType = image.png; path = "1400953293_arrow-back.png"; sourceTree = "<group>"; };
		46EA82691931140500B23014 /* BACKGROUND.png */ = {isa = PBXFileReference; lastKnownFileType = image.png; path = BACKGROUND.png; sourceTree = "<group>"; };
		46EA826A1931140500B23014 /* BACKGROUND2.png */ = {isa = PBXFileReference; lastKnownFileType = image.png; path = BACKGROUND2.png; sourceTree = "<group>"; };
		46EA826B1931140500B23014 /* BUTTONFOREST.png */ = {isa = PBXFileReference; lastKnownFileType = image.png; path = BUTTONFOREST.png; sourceTree = "<group>"; };
		46EA826D1931140500B23014 /* CITY.png */ = {isa = PBXFileReference; lastKnownFileType = image.png; path = CITY.png; sourceTree = "<group>"; };
		46EA826E1931140500B23014 /* FIREWORKS.png */ = {isa = PBXFileReference; lastKnownFileType = image.png; path = FIREWORKS.png; sourceTree = "<group>"; };
		46EA826F1931140500B23014 /* MARKET.png */ = {isa = PBXFileReference; lastKnownFileType = image.png; path = MARKET.png; sourceTree = "<group>"; };
		46EA82701931140500B23014 /* METRO.png */ = {isa = PBXFileReference; lastKnownFileType = image.png; path = METRO.png; sourceTree = "<group>"; };
		46EA82711931140500B23014 /* plane.png */ = {isa = PBXFileReference; lastKnownFileType = image.png; path = plane.png; sourceTree = "<group>"; };
		46EA82721931140500B23014 /* RAINWITHENERGY.png */ = {isa = PBXFileReference; lastKnownFileType = image.png; path = RAINWITHENERGY.png; sourceTree = "<group>"; };
		46EA82731931140500B23014 /* STREET.png */ = {isa = PBXFileReference; lastKnownFileType = image.png; path = STREET.png; sourceTree = "<group>"; };
		46EA82741931140500B23014 /* city-512.png */ = {isa = PBXFileReference; lastKnownFileType = image.png; path = "city-512.png"; sourceTree = "<group>"; };
		46EA82761931140500B23014 /* BACKGROUNDOPTION.png */ = {isa = PBXFileReference; lastKnownFileType = image.png; path = BACKGROUNDOPTION.png; sourceTree = "<group>"; };
		46EA82771931140500B23014 /* BRIZZ.png */ = {isa = PBXFileReference; lastKnownFileType = image.png; path = BRIZZ.png; sourceTree = "<group>"; };
		46EA82781931140500B23014 /* FIRE.png */ = {isa = PBXFileReference; lastKnownFileType = image.png; path = FIRE.png; sourceTree = "<group>"; };
		46EA82791931140500B23014 /* FOREST.png */ = {isa = PBXFileReference; lastKnownFileType = image.png; path = FOREST.png; sourceTree = "<group>"; };
		46EA827A1931140500B23014 /* MOON.png */ = {isa = PBXFileReference; lastKnownFileType = image.png; path = MOON.png; sourceTree = "<group>"; };
		46EA827B1931140500B23014 /* NATURE.png */ = {isa = PBXFileReference; lastKnownFileType = image.png; path = NATURE.png; sourceTree = "<group>"; };
		46EA827C1931140500B23014 /* RIVER.png */ = {isa = PBXFileReference; lastKnownFileType = image.png; path = RIVER.png; sourceTree = "<group>"; };
		46EA827D1931140500B23014 /* WIND.png */ = {isa = PBXFileReference; lastKnownFileType = image.png; path = WIND.png; sourceTree = "<group>"; };
		46EA827E1931140500B23014 /* parks-32-512.png */ = {isa = PBXFileReference; lastKnownFileType = image.png; path = "parks-32-512.png"; sourceTree = "<group>"; };
		46EA8298193116ED00B23014 /* F1.wav */ = {isa = PBXFileReference; lastKnownFileType = audio.wav; path = F1.wav; sourceTree = "<group>"; };
		46EA8299193116ED00B23014 /* MA1.wav */ = {isa = PBXFileReference; lastKnownFileType = audio.wav; path = MA1.wav; sourceTree = "<group>"; };
		46EA829A193116ED00B23014 /* ME1.wav */ = {isa = PBXFileReference; lastKnownFileType = audio.wav; path = ME1.wav; sourceTree = "<group>"; };
		46EA829B193116ED00B23014 /* da.wav */ = {isa = PBXFileReference; lastKnownFileType = audio.wav; path = da.wav; sourceTree = "<group>"; };
		46EA829C193116ED00B23014 /* R1.wav */ = {isa = PBXFileReference; lastKnownFileType = audio.wav; path = R1.wav; sourceTree = "<group>"; };
		46EA829D193116ED00B23014 /* S1.wav */ = {isa = PBXFileReference; lastKnownFileType = audio.wav; path = S1.wav; sourceTree = "<group>"; };
		46EA829E193116ED00B23014 /* F.wav */ = {isa = PBXFileReference; lastKnownFileType = audio.wav; path = F.wav; sourceTree = "<group>"; };
		46EA829F193116ED00B23014 /* Fi.wav */ = {isa = PBXFileReference; lastKnownFileType = audio.wav; path = Fi.wav; sourceTree = "<group>"; };
		46EA82A0193116ED00B23014 /* Fo.wav */ = {isa = PBXFileReference; lastKnownFileType = audio.wav; path = Fo.wav; sourceTree = "<group>"; };
		46EA82A1193116ED00B23014 /* N.wav */ = {isa = PBXFileReference; lastKnownFileType = audio.wav; path = N.wav; sourceTree = "<group>"; };
		46EA82A2193116ED00B23014 /* R.wav */ = {isa = PBXFileReference; lastKnownFileType = audio.wav; path = R.wav; sourceTree = "<group>"; };
		46EA82A3193116ED00B23014 /* W.wav */ = {isa = PBXFileReference; lastKnownFileType = audio.wav; path = W.wav; sourceTree = "<group>"; };
		46EA82A4193116ED00B23014 /* WIND.mp3 */ = {isa = PBXFileReference; lastKnownFileType = audio.mp3; path = WIND.mp3; sourceTree = "<group>"; };
		46EA82B61931183600B23014 /* cityViewController.h */ = {isa = PBXFileReference; fileEncoding = 4; lastKnownFileType = sourcecode.c.h; path = cityViewController.h; sourceTree = "<group>"; };
		46EA82B71931183600B23014 /* cityViewController.m */ = {isa = PBXFileReference; fileEncoding = 4; lastKnownFileType = sourcecode.c.objc; path = cityViewController.m; sourceTree = "<group>"; };
		46EA82BA19311CE800B23014 /* 1400952953_editor_setting_gear_.png */ = {isa = PBXFileReference; lastKnownFileType = image.png; path = 1400952953_editor_setting_gear_.png; sourceTree = "<group>"; };
		46EA82BB19311CE800B23014 /* 1400953293_arrow-back.png */ = {isa = PBXFileReference; lastKnownFileType = image.png; path = "1400953293_arrow-back.png"; sourceTree = "<group>"; };
		46EA82BC19311CE800B23014 /* 1400974211_badge_stop.png */ = {isa = PBXFileReference; lastKnownFileType = image.png; path = 1400974211_badge_stop.png; sourceTree = "<group>"; };
		46EA82BD19311CE800B23014 /* BACKGROUND.png */ = {isa = PBXFileReference; lastKnownFileType = image.png; path = BACKGROUND.png; sourceTree = "<group>"; };
		46EA82BE19311CE800B23014 /* BACKGROUND2.png */ = {isa = PBXFileReference; lastKnownFileType = image.png; path = BACKGROUND2.png; sourceTree = "<group>"; };
		46EA82BF19311CE800B23014 /* BUTTONFOREST.png */ = {isa = PBXFileReference; lastKnownFileType = image.png; path = BUTTONFOREST.png; sourceTree = "<group>"; };
		46EA82C119311CE800B23014 /* CITY.png */ = {isa = PBXFileReference; lastKnownFileType = image.png; path = CITY.png; sourceTree = "<group>"; };
		46EA82C219311CE800B23014 /* FIREWORKS.png */ = {isa = PBXFileReference; lastKnownFileType = image.png; path = FIREWORKS.png; sourceTree = "<group>"; };
		46EA82C319311CE800B23014 /* MARKET.png */ = {isa = PBXFileReference; lastKnownFileType = image.png; path = MARKET.png; sourceTree = "<group>"; };
		46EA82C419311CE800B23014 /* METRO.png */ = {isa = PBXFileReference; lastKnownFileType = image.png; path = METRO.png; sourceTree = "<group>"; };
		46EA82C519311CE800B23014 /* plane.png */ = {isa = PBXFileReference; lastKnownFileType = image.png; path = plane.png; sourceTree = "<group>"; };
		46EA82C619311CE800B23014 /* RAINWITHENERGY.png */ = {isa = PBXFileReference; lastKnownFileType = image.png; path = RAINWITHENERGY.png; sourceTree = "<group>"; };
		46EA82C719311CE800B23014 /* STREET.png */ = {isa = PBXFileReference; lastKnownFileType = image.png; path = STREET.png; sourceTree = "<group>"; };
		46EA82C819311CE800B23014 /* city-512.png */ = {isa = PBXFileReference; lastKnownFileType = image.png; path = "city-512.png"; sourceTree = "<group>"; };
		46EA82CA19311CE800B23014 /* BACKGROUNDOPTION.png */ = {isa = PBXFileReference; lastKnownFileType = image.png; path = BACKGROUNDOPTION.png; sourceTree = "<group>"; };
		46EA82CB19311CE800B23014 /* BRIZZ.png */ = {isa = PBXFileReference; lastKnownFileType = image.png; path = BRIZZ.png; sourceTree = "<group>"; };
		46EA82CC19311CE800B23014 /* FIRE.png */ = {isa = PBXFileReference; lastKnownFileType = image.png; path = FIRE.png; sourceTree = "<group>"; };
		46EA82CD19311CE800B23014 /* FOREST.png */ = {isa = PBXFileReference; lastKnownFileType = image.png; path = FOREST.png; sourceTree = "<group>"; };
		46EA82CE19311CE800B23014 /* MOON.png */ = {isa = PBXFileReference; lastKnownFileType = image.png; path = MOON.png; sourceTree = "<group>"; };
		46EA82CF19311CE800B23014 /* NATURE.png */ = {isa = PBXFileReference; lastKnownFileType = image.png; path = NATURE.png; sourceTree = "<group>"; };
		46EA82D019311CE800B23014 /* RIVER.png */ = {isa = PBXFileReference; lastKnownFileType = image.png; path = RIVER.png; sourceTree = "<group>"; };
		46EA82D119311CE800B23014 /* WIND.png */ = {isa = PBXFileReference; lastKnownFileType = image.png; path = WIND.png; sourceTree = "<group>"; };
		46EA82D219311CE800B23014 /* parks-32-512.png */ = {isa = PBXFileReference; lastKnownFileType = image.png; path = "parks-32-512.png"; sourceTree = "<group>"; };
		46EA82EA19311D5300B23014 /* 1400974309_519698-206_CircledStop.png */ = {isa = PBXFileReference; lastKnownFileType = image.png; path = "1400974309_519698-206_CircledStop.png"; sourceTree = "<group>"; };
		C55A353BC7444A84935DDAAC /* libPods.a */ = {isa = PBXFileReference; explicitFileType = archive.ar; includeInIndex = 0; path = libPods.a; sourceTree = BUILT_PRODUCTS_DIR; };
/* End PBXFileReference section */

/* Begin PBXFrameworksBuildPhase section */
		46E85F851930962A00DD1FD6 /* Frameworks */ = {
			isa = PBXFrameworksBuildPhase;
			buildActionMask = 2147483647;
			files = (
				46E85FD01930A71200DD1FD6 /* AVFoundation.framework in Frameworks */,
				46E85F8E1930962A00DD1FD6 /* CoreGraphics.framework in Frameworks */,
				46E85F901930962A00DD1FD6 /* UIKit.framework in Frameworks */,
				46E85F8C1930962A00DD1FD6 /* Foundation.framework in Frameworks */,
				A58A92513297403D8DE1743E /* libPods.a in Frameworks */,
			);
			runOnlyForDeploymentPostprocessing = 0;
		};
		46E85FA61930962A00DD1FD6 /* Frameworks */ = {
			isa = PBXFrameworksBuildPhase;
			buildActionMask = 2147483647;
			files = (
				46E85FAB1930962A00DD1FD6 /* XCTest.framework in Frameworks */,
				46E85FAD1930962A00DD1FD6 /* UIKit.framework in Frameworks */,
				46E85FAC1930962A00DD1FD6 /* Foundation.framework in Frameworks */,
			);
			runOnlyForDeploymentPostprocessing = 0;
		};
/* End PBXFrameworksBuildPhase section */

/* Begin PBXGroup section */
		46D814471931599D00944BE5 /* Images */ = {
			isa = PBXGroup;
			children = (
				46D8148D19318D1900944BE5 /* 1401002876_sleeping.png */,
				46E85FC0193096A800DD1FD6 /* 222.png */,
				46D814481931599D00944BE5 /* 1400952953_editor_setting_gear_.png */,
				46D814491931599D00944BE5 /* 1400953293_arrow-back.png */,
				46D8144A1931599D00944BE5 /* 1400974211_badge_stop.png */,
				46D8144B1931599D00944BE5 /* 1400974309_519698-206_CircledStop.png */,
				46D8144C1931599D00944BE5 /* 1400989748_cloud_cloud-download_.png */,
				46D8144D1931599D00944BE5 /* BACKGROUND.png */,
				46D8144E1931599D00944BE5 /* BACKGROUND2.png */,
				46D8144F1931599D00944BE5 /* BUTTONFOREST.png */,
				46D814501931599D00944BE5 /* CITY */,
				46D814581931599D00944BE5 /* city-512.png */,
				46D814591931599D00944BE5 /* NATIVE */,
				46D814621931599D00944BE5 /* parks-32-512.png */,
			);
			path = Images;
			sourceTree = "<group>";
		};
		46D814501931599D00944BE5 /* CITY */ = {
			isa = PBXGroup;
			children = (
				46D814511931599D00944BE5 /* CITY.png */,
				46D814521931599D00944BE5 /* FIREWORKS.png */,
				46D814531931599D00944BE5 /* MARKET.png */,
				46D814541931599D00944BE5 /* METRO.png */,
				46D814551931599D00944BE5 /* plane.png */,
				46D814561931599D00944BE5 /* RAINWITHENERGY.png */,
				46D814571931599D00944BE5 /* STREET.png */,
			);
			path = CITY;
			sourceTree = "<group>";
		};
		46D814591931599D00944BE5 /* NATIVE */ = {
			isa = PBXGroup;
			children = (
				46D8145A1931599D00944BE5 /* BACKGROUNDOPTION.png */,
				46D8145B1931599D00944BE5 /* BRIZZ.png */,
				46D8145C1931599D00944BE5 /* FIRE.png */,
				46D8145D1931599D00944BE5 /* FOREST.png */,
				46D8145E1931599D00944BE5 /* MOON.png */,
				46D8145F1931599D00944BE5 /* NATURE.png */,
				46D814601931599D00944BE5 /* RIVER.png */,
				46D814611931599D00944BE5 /* WIND.png */,
			);
			path = NATIVE;
			sourceTree = "<group>";
		};
		46D8149119319FC400944BE5 /* Sounds */ = {
			isa = PBXGroup;
			children = (
				46D8149219319FC400944BE5 /* brizz.wav */,
				46D8149319319FC400944BE5 /* CITY */,
				46D8149A19319FC400944BE5 /* F.wav */,
				46D8149B19319FC400944BE5 /* Fi.wav */,
				46D8149C19319FC400944BE5 /* Fo.wav */,
				46D8149D19319FC400944BE5 /* N.wav */,
				46D8149E19319FC400944BE5 /* P1.wav */,
				46D8149F19319FC400944BE5 /* R.wav */,
				46D814A019319FC400944BE5 /* S1.wav */,
				46D814A119319FC400944BE5 /* W.wav */,
				46D814A219319FC400944BE5 /* WIND.mp3 */,
			);
			path = Sounds;
			sourceTree = "<group>";
		};
		46D8149319319FC400944BE5 /* CITY */ = {
			isa = PBXGroup;
			children = (
				46D8149419319FC400944BE5 /* da.wav */,
				46D8149519319FC400944BE5 /* F1.wav */,
				46D8149619319FC400944BE5 /* MA1.wav */,
				46D8149719319FC400944BE5 /* ME1.wav */,
				46D8149819319FC400944BE5 /* R1.wav */,
				46D8149919319FC400944BE5 /* S1.wav */,
			);
			path = CITY;
			sourceTree = "<group>";
		};
		46E85F7F1930962A00DD1FD6 = {
			isa = PBXGroup;
			children = (
				46E85F911930962A00DD1FD6 /* Uptosky */,
				46E85FB01930962A00DD1FD6 /* UptoskyTests */,
				46E85F8A1930962A00DD1FD6 /* Frameworks */,
				46E85F891930962A00DD1FD6 /* Products */,
				06979014B6A048B18132C400 /* Pods.xcconfig */,
			);
			sourceTree = "<group>";
		};
		46E85F891930962A00DD1FD6 /* Products */ = {
			isa = PBXGroup;
			children = (
				46E85F881930962A00DD1FD6 /* Uptosky.app */,
				46E85FA91930962A00DD1FD6 /* UptoskyTests.xctest */,
			);
			name = Products;
			sourceTree = "<group>";
		};
		46E85F8A1930962A00DD1FD6 /* Frameworks */ = {
			isa = PBXGroup;
			children = (
				46E85FCF1930A71200DD1FD6 /* AVFoundation.framework */,
				46E85F8B1930962A00DD1FD6 /* Foundation.framework */,
				46E85F8D1930962A00DD1FD6 /* CoreGraphics.framework */,
				46E85F8F1930962A00DD1FD6 /* UIKit.framework */,
				46E85FAA1930962A00DD1FD6 /* XCTest.framework */,
				C55A353BC7444A84935DDAAC /* libPods.a */,
			);
			name = Frameworks;
			sourceTree = "<group>";
		};
		46E85F911930962A00DD1FD6 /* Uptosky */ = {
			isa = PBXGroup;
			children = (
				46D8149119319FC400944BE5 /* Sounds */,
				46D8148B1931759600944BE5 /* sett.json */,
				46D814471931599D00944BE5 /* Images */,
				46EA82B919311CE800B23014 /* Images */,
				46EA8295193116ED00B23014 /* Sounds */,
				46EA82661931140500B23014 /* Images */,
				46EA825F1930E35F00B23014 /* BACKGROUND.png */,
				46EA82601930E35F00B23014 /* BACKGROUND2.png */,
				46E85FFE1930D3B600DD1FD6 /* brizz.wav */,
				46EA825D1930DE1D00B23014 /* BUTTONFOREST.png */,
				46E85FFF1930D3B600DD1FD6 /* Fi.wav */,
				46E860001930D3B600DD1FD6 /* Fo.wav */,
				46E860011930D3B600DD1FD6 /* N.wav */,
				46E860021930D3B600DD1FD6 /* R.wav */,
				46E85FE81930BB8000DD1FD6 /* F.wav */,
				46E85FE91930BB8000DD1FD6 /* W.wav */,
				46E85FFD1930D39D00DD1FD6 /* Sounds */,
				46E85FF41930CB6D00DD1FD6 /* Images */,
				46E85FC919309F0B00DD1FD6 /* UICircularSlider */,
				46E85F9A1930962A00DD1FD6 /* AppDelegate.h */,
				46E85F9B1930962A00DD1FD6 /* AppDelegate.m */,
				46E85F9D1930962A00DD1FD6 /* Main.storyboard */,
				46E85FA01930962A00DD1FD6 /* ViewController.h */,
				46E85FA11930962A00DD1FD6 /* ViewController.m */,
				46E85FA31930962A00DD1FD6 /* Images.xcassets */,
				46E85F921930962A00DD1FD6 /* Supporting Files */,
				46E85FC6193097CF00DD1FD6 /* ForestController.h */,
				46E85FC7193097CF00DD1FD6 /* ForestController.m */,
				46E85FEF1930C97900DD1FD6 /* settViewController.h */,
				46E85FF01930C97900DD1FD6 /* settViewController.m */,
				46EA82631930F7C600B23014 /* previewCell.h */,
				46EA82641930F7C600B23014 /* previewCell.m */,
				46EA82B61931183600B23014 /* cityViewController.h */,
				46EA82B71931183600B23014 /* cityViewController.m */,
				46D814411931564800944BE5 /* tableTableViewController.h */,
				46D814421931564800944BE5 /* tableTableViewController.m */,
				46D814441931590400944BE5 /* tableUIViewController.h */,
				46D814451931590400944BE5 /* tableUIViewController.m */,
				46D8147C1931648700944BE5 /* downloadViewController.h */,
				46D8147D1931648700944BE5 /* downloadViewController.m */,
				46D8148519316BB100944BE5 /* tabViewController.h */,
				46D8148619316BB100944BE5 /* tabViewController.m */,
			);
			path = Uptosky;
			sourceTree = "<group>";
		};
		46E85F921930962A00DD1FD6 /* Supporting Files */ = {
			isa = PBXGroup;
			children = (
				46E85F931930962A00DD1FD6 /* Uptosky-Info.plist */,
				46E85F941930962A00DD1FD6 /* InfoPlist.strings */,
				46E85F971930962A00DD1FD6 /* main.m */,
				46E85F991930962A00DD1FD6 /* Uptosky-Prefix.pch */,
			);
			name = "Supporting Files";
			sourceTree = "<group>";
		};
		46E85FB01930962A00DD1FD6 /* UptoskyTests */ = {
			isa = PBXGroup;
			children = (
				46E85FB61930962A00DD1FD6 /* UptoskyTests.m */,
				46E85FB11930962A00DD1FD6 /* Supporting Files */,
			);
			path = UptoskyTests;
			sourceTree = "<group>";
		};
		46E85FB11930962A00DD1FD6 /* Supporting Files */ = {
			isa = PBXGroup;
			children = (
				46E85FB21930962A00DD1FD6 /* UptoskyTests-Info.plist */,
				46E85FB31930962A00DD1FD6 /* InfoPlist.strings */,
			);
			name = "Supporting Files";
			sourceTree = "<group>";
		};
		46E85FC919309F0B00DD1FD6 /* UICircularSlider */ = {
			isa = PBXGroup;
			children = (
				46E85FCB19309F0B00DD1FD6 /* UICircularSlider.h */,
				46E85FCC19309F0B00DD1FD6 /* UICircularSlider.m */,
			);
			name = UICircularSlider;
			path = "../../../../Downloads/UICircularSlider-master/UICircularSlider";
			sourceTree = "<group>";
		};
		46E85FF41930CB6D00DD1FD6 /* Images */ = {
			isa = PBXGroup;
			children = (
				46E85FF21930C9D100DD1FD6 /* 1400952953_editor_setting_gear_.png */,
				46E85FF51930CB6D00DD1FD6 /* 1400952953_editor_setting_gear_.png */,
				46E85FF61930CB6D00DD1FD6 /* 1400953293_arrow-back.png */,
				46E85FF71930CB6D00DD1FD6 /* city-512.png */,
				46E85FF81930CB6D00DD1FD6 /* parks-32-512.png */,
			);
			path = Images;
			sourceTree = "<group>";
		};
		46E85FFD1930D39D00DD1FD6 /* Sounds */ = {
			isa = PBXGroup;
			children = (
			);
			name = Sounds;
			sourceTree = "<group>";
		};
		46EA82661931140500B23014 /* Images */ = {
			isa = PBXGroup;
			children = (
				46EA82671931140500B23014 /* 1400952953_editor_setting_gear_.png */,
				46EA82681931140500B23014 /* 1400953293_arrow-back.png */,
				46EA82691931140500B23014 /* BACKGROUND.png */,
				46EA826A1931140500B23014 /* BACKGROUND2.png */,
				46EA826B1931140500B23014 /* BUTTONFOREST.png */,
				46EA826C1931140500B23014 /* CITY */,
				46EA82741931140500B23014 /* city-512.png */,
				46EA82751931140500B23014 /* NATIVE */,
				46EA827E1931140500B23014 /* parks-32-512.png */,
			);
			path = Images;
			sourceTree = "<group>";
		};
		46EA826C1931140500B23014 /* CITY */ = {
			isa = PBXGroup;
			children = (
				46EA826D1931140500B23014 /* CITY.png */,
				46EA826E1931140500B23014 /* FIREWORKS.png */,
				46EA826F1931140500B23014 /* MARKET.png */,
				46EA82701931140500B23014 /* METRO.png */,
				46EA82711931140500B23014 /* plane.png */,
				46EA82721931140500B23014 /* RAINWITHENERGY.png */,
				46EA82731931140500B23014 /* STREET.png */,
			);
			path = CITY;
			sourceTree = "<group>";
		};
		46EA82751931140500B23014 /* NATIVE */ = {
			isa = PBXGroup;
			children = (
				46EA82761931140500B23014 /* BACKGROUNDOPTION.png */,
				46EA82771931140500B23014 /* BRIZZ.png */,
				46EA82781931140500B23014 /* FIRE.png */,
				46EA82791931140500B23014 /* FOREST.png */,
				46EA827A1931140500B23014 /* MOON.png */,
				46EA827B1931140500B23014 /* NATURE.png */,
				46EA827C1931140500B23014 /* RIVER.png */,
				46EA827D1931140500B23014 /* WIND.png */,
			);
			path = NATIVE;
			sourceTree = "<group>";
		};
		46EA8295193116ED00B23014 /* Sounds */ = {
			isa = PBXGroup;
			children = (
				46EA8297193116ED00B23014 /* CITY */,
				46EA829E193116ED00B23014 /* F.wav */,
				46EA829F193116ED00B23014 /* Fi.wav */,
				46EA82A0193116ED00B23014 /* Fo.wav */,
				46EA82A1193116ED00B23014 /* N.wav */,
				46EA82A2193116ED00B23014 /* R.wav */,
				46EA82A3193116ED00B23014 /* W.wav */,
				46EA82A4193116ED00B23014 /* WIND.mp3 */,
			);
			path = Sounds;
			sourceTree = "<group>";
		};
		46EA8297193116ED00B23014 /* CITY */ = {
			isa = PBXGroup;
			children = (
				46EA8298193116ED00B23014 /* F1.wav */,
				46EA8299193116ED00B23014 /* MA1.wav */,
				46EA829A193116ED00B23014 /* ME1.wav */,
				46EA829B193116ED00B23014 /* da.wav */,
				46EA829C193116ED00B23014 /* R1.wav */,
				46EA829D193116ED00B23014 /* S1.wav */,
			);
			path = CITY;
			sourceTree = "<group>";
		};
		46EA82B919311CE800B23014 /* Images */ = {
			isa = PBXGroup;
			children = (
				46EA82EA19311D5300B23014 /* 1400974309_519698-206_CircledStop.png */,
				46EA82BA19311CE800B23014 /* 1400952953_editor_setting_gear_.png */,
				46EA82BB19311CE800B23014 /* 1400953293_arrow-back.png */,
				46EA82BC19311CE800B23014 /* 1400974211_badge_stop.png */,
				46EA82BD19311CE800B23014 /* BACKGROUND.png */,
				46EA82BE19311CE800B23014 /* BACKGROUND2.png */,
				46EA82BF19311CE800B23014 /* BUTTONFOREST.png */,
				46EA82C019311CE800B23014 /* CITY */,
				46EA82C819311CE800B23014 /* city-512.png */,
				46EA82C919311CE800B23014 /* NATIVE */,
				46EA82D219311CE800B23014 /* parks-32-512.png */,
			);
			path = Images;
			sourceTree = "<group>";
		};
		46EA82C019311CE800B23014 /* CITY */ = {
			isa = PBXGroup;
			children = (
				46EA82C119311CE800B23014 /* CITY.png */,
				46EA82C219311CE800B23014 /* FIREWORKS.png */,
				46EA82C319311CE800B23014 /* MARKET.png */,
				46EA82C419311CE800B23014 /* METRO.png */,
				46EA82C519311CE800B23014 /* plane.png */,
				46EA82C619311CE800B23014 /* RAINWITHENERGY.png */,
				46EA82C719311CE800B23014 /* STREET.png */,
			);
			path = CITY;
			sourceTree = "<group>";
		};
		46EA82C919311CE800B23014 /* NATIVE */ = {
			isa = PBXGroup;
			children = (
				46EA82CA19311CE800B23014 /* BACKGROUNDOPTION.png */,
				46EA82CB19311CE800B23014 /* BRIZZ.png */,
				46EA82CC19311CE800B23014 /* FIRE.png */,
				46EA82CD19311CE800B23014 /* FOREST.png */,
				46EA82CE19311CE800B23014 /* MOON.png */,
				46EA82CF19311CE800B23014 /* NATURE.png */,
				46EA82D019311CE800B23014 /* RIVER.png */,
				46EA82D119311CE800B23014 /* WIND.png */,
			);
			path = NATIVE;
			sourceTree = "<group>";
		};
/* End PBXGroup section */

/* Begin PBXNativeTarget section */
		46E85F871930962A00DD1FD6 /* Uptosky */ = {
			isa = PBXNativeTarget;
			buildConfigurationList = 46E85FBA1930962A00DD1FD6 /* Build configuration list for PBXNativeTarget "Uptosky" */;
			buildPhases = (
				7EEAEF3F9DF04FE4B404AC14 /* Check Pods Manifest.lock */,
				46E85F841930962A00DD1FD6 /* Sources */,
				46E85F851930962A00DD1FD6 /* Frameworks */,
				46E85F861930962A00DD1FD6 /* Resources */,
				2E8E83ED83B34529BB173BBA /* Copy Pods Resources */,
			);
			buildRules = (
			);
			dependencies = (
			);
			name = Uptosky;
			productName = Uptosky;
			productReference = 46E85F881930962A00DD1FD6 /* Uptosky.app */;
			productType = "com.apple.product-type.application";
		};
		46E85FA81930962A00DD1FD6 /* UptoskyTests */ = {
			isa = PBXNativeTarget;
			buildConfigurationList = 46E85FBD1930962A00DD1FD6 /* Build configuration list for PBXNativeTarget "UptoskyTests" */;
			buildPhases = (
				46E85FA51930962A00DD1FD6 /* Sources */,
				46E85FA61930962A00DD1FD6 /* Frameworks */,
				46E85FA71930962A00DD1FD6 /* Resources */,
			);
			buildRules = (
			);
			dependencies = (
				46E85FAF1930962A00DD1FD6 /* PBXTargetDependency */,
			);
			name = UptoskyTests;
			productName = UptoskyTests;
			productReference = 46E85FA91930962A00DD1FD6 /* UptoskyTests.xctest */;
			productType = "com.apple.product-type.bundle.unit-test";
		};
/* End PBXNativeTarget section */

/* Begin PBXProject section */
		46E85F801930962A00DD1FD6 /* Project object */ = {
			isa = PBXProject;
			attributes = {
				LastUpgradeCheck = 0510;
				ORGANIZATIONNAME = "Dimones-dev";
				TargetAttributes = {
					46E85FA81930962A00DD1FD6 = {
						TestTargetID = 46E85F871930962A00DD1FD6;
					};
				};
			};
			buildConfigurationList = 46E85F831930962A00DD1FD6 /* Build configuration list for PBXProject "Uptosky" */;
			compatibilityVersion = "Xcode 3.2";
			developmentRegion = English;
			hasScannedForEncodings = 0;
			knownRegions = (
				en,
				Base,
			);
			mainGroup = 46E85F7F1930962A00DD1FD6;
			productRefGroup = 46E85F891930962A00DD1FD6 /* Products */;
			projectDirPath = "";
			projectRoot = "";
			targets = (
				46E85F871930962A00DD1FD6 /* Uptosky */,
				46E85FA81930962A00DD1FD6 /* UptoskyTests */,
			);
		};
/* End PBXProject section */

/* Begin PBXResourcesBuildPhase section */
		46E85F861930962A00DD1FD6 /* Resources */ = {
			isa = PBXResourcesBuildPhase;
			buildActionMask = 2147483647;
			files = (
				46D814AE19319FC400944BE5 /* P1.wav in Resources */,
				46D814731931599D00944BE5 /* BACKGROUNDOPTION.png in Resources */,
				46D814661931599D00944BE5 /* 1400974309_519698-206_CircledStop.png in Resources */,
				46D814641931599D00944BE5 /* 1400953293_arrow-back.png in Resources */,
				46D814681931599D00944BE5 /* BACKGROUND.png in Resources */,
				46EA82E819311CE800B23014 /* WIND.png in Resources */,
				46D814A519319FC400944BE5 /* F1.wav in Resources */,
				46EA82D619311CE800B23014 /* BACKGROUND.png in Resources */,
				46E85FFA1930CB6D00DD1FD6 /* 1400953293_arrow-back.png in Resources */,
				46E85FF31930C9D100DD1FD6 /* 1400952953_editor_setting_gear_.png in Resources */,
				46EA828A1931140500B23014 /* STREET.png in Resources */,
				46EA82AD193116ED00B23014 /* Fi.wav in Resources */,
				46EA82D319311CE800B23014 /* 1400952953_editor_setting_gear_.png in Resources */,
				46EA82D919311CE800B23014 /* CITY.png in Resources */,
				46E85FF91930CB6D00DD1FD6 /* 1400952953_editor_setting_gear_.png in Resources */,
				46D8146A1931599D00944BE5 /* BUTTONFOREST.png in Resources */,
				46EA82871931140500B23014 /* METRO.png in Resources */,
				46EA82931931140500B23014 /* WIND.png in Resources */,
				46EA82E019311CE800B23014 /* city-512.png in Resources */,
				46EA82AC193116ED00B23014 /* F.wav in Resources */,
				46E860031930D3B600DD1FD6 /* brizz.wav in Resources */,
				46EA82DD19311CE800B23014 /* plane.png in Resources */,
				46D8146D1931599D00944BE5 /* MARKET.png in Resources */,
				46EA827F1931140500B23014 /* 1400952953_editor_setting_gear_.png in Resources */,
				46D814B119319FC400944BE5 /* W.wav in Resources */,
				46D814A319319FC400944BE5 /* brizz.wav in Resources */,
				46D814631931599D00944BE5 /* 1400952953_editor_setting_gear_.png in Resources */,
				46D814651931599D00944BE5 /* 1400974211_badge_stop.png in Resources */,
				46D814AF19319FC400944BE5 /* R.wav in Resources */,
				46EA82A6193116ED00B23014 /* F1.wav in Resources */,
				46D814761931599D00944BE5 /* FOREST.png in Resources */,
				46D8147B1931599D00944BE5 /* parks-32-512.png in Resources */,
				46EA82901931140500B23014 /* MOON.png in Resources */,
				46EA82E519311CE800B23014 /* MOON.png in Resources */,
				46EA828F1931140500B23014 /* FOREST.png in Resources */,
				46D814671931599D00944BE5 /* 1400989748_cloud_cloud-download_.png in Resources */,
				46D814AB19319FC400944BE5 /* Fi.wav in Resources */,
				46D814A419319FC400944BE5 /* da.wav in Resources */,
				46D814A719319FC400944BE5 /* ME1.wav in Resources */,
				46EA82851931140500B23014 /* FIREWORKS.png in Resources */,
				46EA82E119311CE800B23014 /* BACKGROUNDOPTION.png in Resources */,
				46EA82AE193116ED00B23014 /* Fo.wav in Resources */,
				46EA82881931140500B23014 /* plane.png in Resources */,
				46EA82611930E35F00B23014 /* BACKGROUND.png in Resources */,
				46EA82D719311CE800B23014 /* BACKGROUND2.png in Resources */,
				46EA82841931140500B23014 /* CITY.png in Resources */,
				46E85FEA1930BB8000DD1FD6 /* F.wav in Resources */,
				46EA82A7193116ED00B23014 /* MA1.wav in Resources */,
				46EA82E319311CE800B23014 /* FIRE.png in Resources */,
				46EA82D819311CE800B23014 /* BUTTONFOREST.png in Resources */,
				46D814771931599D00944BE5 /* MOON.png in Resources */,
				46D814721931599D00944BE5 /* city-512.png in Resources */,
				46E85FC1193096A800DD1FD6 /* 222.png in Resources */,
				46EA82941931140500B23014 /* parks-32-512.png in Resources */,
				46D8146F1931599D00944BE5 /* plane.png in Resources */,
				46EA82E619311CE800B23014 /* NATURE.png in Resources */,
				46EA82801931140500B23014 /* 1400953293_arrow-back.png in Resources */,
				46E85FA41930962A00DD1FD6 /* Images.xcassets in Resources */,
				46EA82DC19311CE800B23014 /* METRO.png in Resources */,
				46EA82D419311CE800B23014 /* 1400953293_arrow-back.png in Resources */,
				46D8146C1931599D00944BE5 /* FIREWORKS.png in Resources */,
				46E85F961930962A00DD1FD6 /* InfoPlist.strings in Resources */,
				46D8148E19318D1900944BE5 /* 1401002876_sleeping.png in Resources */,
				46EA82A9193116ED00B23014 /* da.wav in Resources */,
				46EA82AB193116ED00B23014 /* S1.wav in Resources */,
				46EA828E1931140500B23014 /* FIRE.png in Resources */,
				46EA828D1931140500B23014 /* BRIZZ.png in Resources */,
				46E85FEB1930BB8000DD1FD6 /* W.wav in Resources */,
				46EA828C1931140500B23014 /* BACKGROUNDOPTION.png in Resources */,
				46D814701931599D00944BE5 /* RAINWITHENERGY.png in Resources */,
				46EA82921931140500B23014 /* RIVER.png in Resources */,
				46EA82B1193116ED00B23014 /* W.wav in Resources */,
				46EA82A8193116ED00B23014 /* ME1.wav in Resources */,
				46E860041930D3B600DD1FD6 /* Fi.wav in Resources */,
				46D814AD19319FC400944BE5 /* N.wav in Resources */,
				46EA82E719311CE800B23014 /* RIVER.png in Resources */,
				46EA82911931140500B23014 /* NATURE.png in Resources */,
				46D814AA19319FC400944BE5 /* F.wav in Resources */,
				46D8146E1931599D00944BE5 /* METRO.png in Resources */,
				46EA82AF193116ED00B23014 /* N.wav in Resources */,
				46EA82AA193116ED00B23014 /* R1.wav in Resources */,
				46EA82DE19311CE800B23014 /* RAINWITHENERGY.png in Resources */,
				46D814741931599D00944BE5 /* BRIZZ.png in Resources */,
				46E860061930D3B600DD1FD6 /* N.wav in Resources */,
				46EA82DB19311CE800B23014 /* MARKET.png in Resources */,
				46D814751931599D00944BE5 /* FIRE.png in Resources */,
				46E85FFB1930CB6D00DD1FD6 /* city-512.png in Resources */,
				46E85F9F1930962A00DD1FD6 /* Main.storyboard in Resources */,
				46D814B219319FC400944BE5 /* WIND.mp3 in Resources */,
				46D814791931599D00944BE5 /* RIVER.png in Resources */,
				46D814A819319FC400944BE5 /* R1.wav in Resources */,
				46EA82DA19311CE800B23014 /* FIREWORKS.png in Resources */,
				46EA82E419311CE800B23014 /* FOREST.png in Resources */,
				46EA82861931140500B23014 /* MARKET.png in Resources */,
				46EA82B2193116ED00B23014 /* WIND.mp3 in Resources */,
				46D8148C1931759600944BE5 /* sett.json in Resources */,
				46EA82B0193116ED00B23014 /* R.wav in Resources */,
				46EA82E219311CE800B23014 /* BRIZZ.png in Resources */,
				46E860051930D3B600DD1FD6 /* Fo.wav in Resources */,
				46D814A619319FC400944BE5 /* MA1.wav in Resources */,
				46D814AC19319FC400944BE5 /* Fo.wav in Resources */,
				46EA82E919311CE800B23014 /* parks-32-512.png in Resources */,
				46EA82DF19311CE800B23014 /* STREET.png in Resources */,
				46D814781931599D00944BE5 /* NATURE.png in Resources */,
				46EA82621930E35F00B23014 /* BACKGROUND2.png in Resources */,
				46E85FFC1930CB6D00DD1FD6 /* parks-32-512.png in Resources */,
				46D8146B1931599D00944BE5 /* CITY.png in Resources */,
				46D814711931599D00944BE5 /* STREET.png in Resources */,
				46D814691931599D00944BE5 /* BACKGROUND2.png in Resources */,
				46EA82811931140500B23014 /* BACKGROUND.png in Resources */,
				46D814A919319FC400944BE5 /* S1.wav in Resources */,
				46D814B019319FC400944BE5 /* S1.wav in Resources */,
				46D8147A1931599D00944BE5 /* WIND.png in Resources */,
				46EA82891931140500B23014 /* RAINWITHENERGY.png in Resources */,
				46EA825E1930DE1D00B23014 /* BUTTONFOREST.png in Resources */,
				46E860071930D3B600DD1FD6 /* R.wav in Resources */,
				46EA82EB19311D5300B23014 /* 1400974309_519698-206_CircledStop.png in Resources */,
				46EA828B1931140500B23014 /* city-512.png in Resources */,
				46EA82831931140500B23014 /* BUTTONFOREST.png in Resources */,
				46EA82D519311CE800B23014 /* 1400974211_badge_stop.png in Resources */,
				46EA82821931140500B23014 /* BACKGROUND2.png in Resources */,
			);
			runOnlyForDeploymentPostprocessing = 0;
		};
		46E85FA71930962A00DD1FD6 /* Resources */ = {
			isa = PBXResourcesBuildPhase;
			buildActionMask = 2147483647;
			files = (
				46E85FB51930962A00DD1FD6 /* InfoPlist.strings in Resources */,
			);
			runOnlyForDeploymentPostprocessing = 0;
		};
/* End PBXResourcesBuildPhase section */

/* Begin PBXShellScriptBuildPhase section */
		2E8E83ED83B34529BB173BBA /* Copy Pods Resources */ = {
			isa = PBXShellScriptBuildPhase;
			buildActionMask = 2147483647;
			files = (
			);
			inputPaths = (
			);
			name = "Copy Pods Resources";
			outputPaths = (
			);
			runOnlyForDeploymentPostprocessing = 0;
			shellPath = /bin/sh;
			shellScript = "\"${SRCROOT}/Pods/Pods-resources.sh\"\n";
			showEnvVarsInLog = 0;
		};
		7EEAEF3F9DF04FE4B404AC14 /* Check Pods Manifest.lock */ = {
			isa = PBXShellScriptBuildPhase;
			buildActionMask = 2147483647;
			files = (
			);
			inputPaths = (
			);
			name = "Check Pods Manifest.lock";
			outputPaths = (
			);
			runOnlyForDeploymentPostprocessing = 0;
			shellPath = /bin/sh;
			shellScript = "diff \"${PODS_ROOT}/../Podfile.lock\" \"${PODS_ROOT}/Manifest.lock\" > /dev/null\nif [[ $? != 0 ]] ; then\n    cat << EOM\nerror: The sandbox is not in sync with the Podfile.lock. Run 'pod install' or update your CocoaPods installation.\nEOM\n    exit 1\nfi\n";
			showEnvVarsInLog = 0;
		};
/* End PBXShellScriptBuildPhase section */

/* Begin PBXSourcesBuildPhase section */
		46E85F841930962A00DD1FD6 /* Sources */ = {
			isa = PBXSourcesBuildPhase;
			buildActionMask = 2147483647;
			files = (
				46D8147E1931648700944BE5 /* downloadViewController.m in Sources */,
				46E85FF11930C97900DD1FD6 /* settViewController.m in Sources */,
				46E85FCE19309F0B00DD1FD6 /* UICircularSlider.m in Sources */,
				46E85FA21930962A00DD1FD6 /* ViewController.m in Sources */,
				46D814461931590400944BE5 /* tableUIViewController.m in Sources */,
				46E85FC8193097CF00DD1FD6 /* ForestController.m in Sources */,
				46EA82651930F7C600B23014 /* previewCell.m in Sources */,
				46D814431931564800944BE5 /* tableTableViewController.m in Sources */,
				46D8148719316BB100944BE5 /* tabViewController.m in Sources */,
				46E85F9C1930962A00DD1FD6 /* AppDelegate.m in Sources */,
				46E85F981930962A00DD1FD6 /* main.m in Sources */,
				46EA82B81931183600B23014 /* cityViewController.m in Sources */,
			);
			runOnlyForDeploymentPostprocessing = 0;
		};
		46E85FA51930962A00DD1FD6 /* Sources */ = {
			isa = PBXSourcesBuildPhase;
			buildActionMask = 2147483647;
			files = (
				46E85FB71930962A00DD1FD6 /* UptoskyTests.m in Sources */,
			);
			runOnlyForDeploymentPostprocessing = 0;
		};
/* End PBXSourcesBuildPhase section */

/* Begin PBXTargetDependency section */
		46E85FAF1930962A00DD1FD6 /* PBXTargetDependency */ = {
			isa = PBXTargetDependency;
			target = 46E85F871930962A00DD1FD6 /* Uptosky */;
			targetProxy = 46E85FAE1930962A00DD1FD6 /* PBXContainerItemProxy */;
		};
/* End PBXTargetDependency section */

/* Begin PBXVariantGroup section */
		46E85F941930962A00DD1FD6 /* InfoPlist.strings */ = {
			isa = PBXVariantGroup;
			children = (
				46E85F951930962A00DD1FD6 /* en */,
			);
			name = InfoPlist.strings;
			sourceTree = "<group>";
		};
		46E85F9D1930962A00DD1FD6 /* Main.storyboard */ = {
			isa = PBXVariantGroup;
			children = (
				46E85F9E1930962A00DD1FD6 /* Base */,
			);
			name = Main.storyboard;
			sourceTree = "<group>";
		};
		46E85FB31930962A00DD1FD6 /* InfoPlist.strings */ = {
			isa = PBXVariantGroup;
			children = (
				46E85FB41930962A00DD1FD6 /* en */,
			);
			name = InfoPlist.strings;
			sourceTree = "<group>";
		};
/* End PBXVariantGroup section */

/* Begin XCBuildConfiguration section */
		46E85FB81930962A00DD1FD6 /* Debug */ = {
			isa = XCBuildConfiguration;
			buildSettings = {
				ALWAYS_SEARCH_USER_PATHS = NO;
				CLANG_CXX_LANGUAGE_STANDARD = "gnu++0x";
				CLANG_CXX_LIBRARY = "libc++";
				CLANG_ENABLE_MODULES = YES;
				CLANG_ENABLE_OBJC_ARC = YES;
				CLANG_WARN_BOOL_CONVERSION = YES;
				CLANG_WARN_CONSTANT_CONVERSION = YES;
				CLANG_WARN_DIRECT_OBJC_ISA_USAGE = YES_ERROR;
				CLANG_WARN_EMPTY_BODY = YES;
				CLANG_WARN_ENUM_CONVERSION = YES;
				CLANG_WARN_INT_CONVERSION = YES;
				CLANG_WARN_OBJC_ROOT_CLASS = YES_ERROR;
				CLANG_WARN__DUPLICATE_METHOD_MATCH = YES;
				"CODE_SIGN_IDENTITY[sdk=iphoneos*]" = "iPhone Developer";
				COPY_PHASE_STRIP = NO;
				GCC_C_LANGUAGE_STANDARD = gnu99;
				GCC_DYNAMIC_NO_PIC = NO;
				GCC_OPTIMIZATION_LEVEL = 0;
				GCC_PREPROCESSOR_DEFINITIONS = (
					"DEBUG=1",
					"$(inherited)",
				);
				GCC_SYMBOLS_PRIVATE_EXTERN = NO;
				GCC_WARN_64_TO_32_BIT_CONVERSION = YES;
				GCC_WARN_ABOUT_RETURN_TYPE = YES_ERROR;
				GCC_WARN_UNDECLARED_SELECTOR = YES;
				GCC_WARN_UNINITIALIZED_AUTOS = YES_AGGRESSIVE;
				GCC_WARN_UNUSED_FUNCTION = YES;
				GCC_WARN_UNUSED_VARIABLE = YES;
				IPHONEOS_DEPLOYMENT_TARGET = 7.1;
				ONLY_ACTIVE_ARCH = YES;
				SDKROOT = iphoneos;
			};
			name = Debug;
		};
		46E85FB91930962A00DD1FD6 /* Release */ = {
			isa = XCBuildConfiguration;
			buildSettings = {
				ALWAYS_SEARCH_USER_PATHS = NO;
				CLANG_CXX_LANGUAGE_STANDARD = "gnu++0x";
				CLANG_CXX_LIBRARY = "libc++";
				CLANG_ENABLE_MODULES = YES;
				CLANG_ENABLE_OBJC_ARC = YES;
				CLANG_WARN_BOOL_CONVERSION = YES;
				CLANG_WARN_CONSTANT_CONVERSION = YES;
				CLANG_WARN_DIRECT_OBJC_ISA_USAGE = YES_ERROR;
				CLANG_WARN_EMPTY_BODY = YES;
				CLANG_WARN_ENUM_CONVERSION = YES;
				CLANG_WARN_INT_CONVERSION = YES;
				CLANG_WARN_OBJC_ROOT_CLASS = YES_ERROR;
				CLANG_WARN__DUPLICATE_METHOD_MATCH = YES;
				"CODE_SIGN_IDENTITY[sdk=iphoneos*]" = "iPhone Developer";
				COPY_PHASE_STRIP = YES;
				ENABLE_NS_ASSERTIONS = NO;
				GCC_C_LANGUAGE_STANDARD = gnu99;
				GCC_WARN_64_TO_32_BIT_CONVERSION = YES;
				GCC_WARN_ABOUT_RETURN_TYPE = YES_ERROR;
				GCC_WARN_UNDECLARED_SELECTOR = YES;
				GCC_WARN_UNINITIALIZED_AUTOS = YES_AGGRESSIVE;
				GCC_WARN_UNUSED_FUNCTION = YES;
				GCC_WARN_UNUSED_VARIABLE = YES;
				IPHONEOS_DEPLOYMENT_TARGET = 7.1;
				SDKROOT = iphoneos;
				VALIDATE_PRODUCT = YES;
			};
			name = Release;
		};
		46E85FBB1930962A00DD1FD6 /* Debug */ = {
			isa = XCBuildConfiguration;
			baseConfigurationReference = 06979014B6A048B18132C400 /* Pods.xcconfig */;
			buildSettings = {
				ASSETCATALOG_COMPILER_APPICON_NAME = AppIcon;
				ASSETCATALOG_COMPILER_LAUNCHIMAGE_NAME = LaunchImage;
				CODE_SIGN_IDENTITY = "iPhone Developer";
				GCC_PRECOMPILE_PREFIX_HEADER = YES;
				GCC_PREFIX_HEADER = "Uptosky/Uptosky-Prefix.pch";
				INFOPLIST_FILE = "Uptosky/Uptosky-Info.plist";
				PRODUCT_NAME = "$(TARGET_NAME)";
				WRAPPER_EXTENSION = app;
			};
			name = Debug;
		};
		46E85FBC1930962A00DD1FD6 /* Release */ = {
			isa = XCBuildConfiguration;
			baseConfigurationReference = 06979014B6A048B18132C400 /* Pods.xcconfig */;
			buildSettings = {
				ASSETCATALOG_COMPILER_APPICON_NAME = AppIcon;
				ASSETCATALOG_COMPILER_LAUNCHIMAGE_NAME = LaunchImage;
				CODE_SIGN_IDENTITY = "iPhone Developer";
				GCC_PRECOMPILE_PREFIX_HEADER = YES;
				GCC_PREFIX_HEADER = "Uptosky/Uptosky-Prefix.pch";
				INFOPLIST_FILE = "Uptosky/Uptosky-Info.plist";
				PRODUCT_NAME = "$(TARGET_NAME)";
				WRAPPER_EXTENSION = app;
			};
			name = Release;
		};
		46E85FBE1930962A00DD1FD6 /* Debug */ = {
			isa = XCBuildConfiguration;
			buildSettings = {
				BUNDLE_LOADER = "$(BUILT_PRODUCTS_DIR)/Uptosky.app/Uptosky";
				FRAMEWORK_SEARCH_PATHS = (
					"$(SDKROOT)/Developer/Library/Frameworks",
					"$(inherited)",
					"$(DEVELOPER_FRAMEWORKS_DIR)",
				);
				GCC_PRECOMPILE_PREFIX_HEADER = YES;
				GCC_PREFIX_HEADER = "Uptosky/Uptosky-Prefix.pch";
				GCC_PREPROCESSOR_DEFINITIONS = (
					"DEBUG=1",
					"$(inherited)",
				);
				INFOPLIST_FILE = "UptoskyTests/UptoskyTests-Info.plist";
				PRODUCT_NAME = "$(TARGET_NAME)";
				TEST_HOST = "$(BUNDLE_LOADER)";
				WRAPPER_EXTENSION = xctest;
			};
			name = Debug;
		};
		46E85FBF1930962A00DD1FD6 /* Release */ = {
			isa = XCBuildConfiguration;
			buildSettings = {
				BUNDLE_LOADER = "$(BUILT_PRODUCTS_DIR)/Uptosky.app/Uptosky";
				FRAMEWORK_SEARCH_PATHS = (
					"$(SDKROOT)/Developer/Library/Frameworks",
					"$(inherited)",
					"$(DEVELOPER_FRAMEWORKS_DIR)",
				);
				GCC_PRECOMPILE_PREFIX_HEADER = YES;
				GCC_PREFIX_HEADER = "Uptosky/Uptosky-Prefix.pch";
				INFOPLIST_FILE = "UptoskyTests/UptoskyTests-Info.plist";
				PRODUCT_NAME = "$(TARGET_NAME)";
				TEST_HOST = "$(BUNDLE_LOADER)";
				WRAPPER_EXTENSION = xctest;
			};
			name = Release;
		};
/* End XCBuildConfiguration section */

/* Begin XCConfigurationList section */
		46E85F831930962A00DD1FD6 /* Build configuration list for PBXProject "Uptosky" */ = {
			isa = XCConfigurationList;
			buildConfigurations = (
				46E85FB81930962A00DD1FD6 /* Debug */,
				46E85FB91930962A00DD1FD6 /* Release */,
			);
			defaultConfigurationIsVisible = 0;
			defaultConfigurationName = Release;
		};
		46E85FBA1930962A00DD1FD6 /* Build configuration list for PBXNativeTarget "Uptosky" */ = {
			isa = XCConfigurationList;
			buildConfigurations = (
				46E85FBB1930962A00DD1FD6 /* Debug */,
				46E85FBC1930962A00DD1FD6 /* Release */,
			);
			defaultConfigurationIsVisible = 0;
			defaultConfigurationName = Release;
		};
		46E85FBD1930962A00DD1FD6 /* Build configuration list for PBXNativeTarget "UptoskyTests" */ = {
			isa = XCConfigurationList;
			buildConfigurations = (
				46E85FBE1930962A00DD1FD6 /* Debug */,
				46E85FBF1930962A00DD1FD6 /* Release */,
			);
			defaultConfigurationIsVisible = 0;
			defaultConfigurationName = Release;
		};
/* End XCConfigurationList section */
	};
	rootObject = 46E85F801930962A00DD1FD6 /* Project object */;
}
