// !$*UTF8*$!
{
	archiveVersion = 1;
	classes = {
	};
	objectVersion = 46;
	objects = {

/* Begin PBXBuildFile section */
		46E85F8C1930962A00DD1FD6 /* Foundation.framework in Frameworks */ = {isa = PBXBuildFile; fileRef = 46E85F8B1930962A00DD1FD6 /* Foundation.framework */; };
		46E85F8E1930962A00DD1FD6 /* CoreGraphics.framework in Frameworks */ = {isa = PBXBuildFile; fileRef = 46E85F8D1930962A00DD1FD6 /* CoreGraphics.framework */; };
		46E85F901930962A00DD1FD6 /* UIKit.framework in Frameworks */ = {isa = PBXBuildFile; fileRef = 46E85F8F1930962A00DD1FD6 /* UIKit.framework */; };
		46E85F961930962A00DD1FD6 /* InfoPlist.strings in Resources */ = {isa = PBXBuildFile; fileRef = 46E85F941930962A00DD1FD6 /* InfoPlist.strings */; };
		46E85F981930962A00DD1FD6 /* main.m in Sources */ = {isa = PBXBuildFile; fileRef = 46E85F971930962A00DD1FD6 /* main.m */; };
		46E85F9C1930962A00DD1FD6 /* AppDelegate.m in Sources */ = {isa = PBXBuildFile; fileRef = 46E85F9B1930962A00DD1FD6 /* AppDelegate.m */; };
		46E85F9F1930962A00DD1FD6 /* Main.storyboard in Resources */ = {isa = PBXBuildFile; fileRef = 46E85F9D1930962A00DD1FD6 /* Main.storyboard */; };
		46E85FA21930962A00DD1FD6 /* ViewController.m in Sources */ = {isa = PBXBuildFile; fileRef = 46E85FA11930962A00DD1FD6 /* ViewController.m */; };
		46E85FA41930962A00DD1FD6 /* Images.xcassets in Resources */ = {isa = PBXBuildFile; fileRef = 46E85FA31930962A00DD1FD6 /* Images.xcassets */; };
		46E85FAB1930962A00DD1FD6 /* XCTest.framework in Frameworks */ = {isa = PBXBuildFile; fileRef = 46E85FAA1930962A00DD1FD6 /* XCTest.framework */; };
		46E85FAC1930962A00DD1FD6 /* Foundation.framework in Frameworks */ = {isa = PBXBuildFile; fileRef = 46E85F8B1930962A00DD1FD6 /* Foundation.framework */; };
		46E85FAD1930962A00DD1FD6 /* UIKit.framework in Frameworks */ = {isa = PBXBuildFile; fileRef = 46E85F8F1930962A00DD1FD6 /* UIKit.framework */; };
		46E85FB51930962A00DD1FD6 /* InfoPlist.strings in Resources */ = {isa = PBXBuildFile; fileRef = 46E85FB31930962A00DD1FD6 /* InfoPlist.strings */; };
		46E85FB71930962A00DD1FD6 /* UptoskyTests.m in Sources */ = {isa = PBXBuildFile; fileRef = 46E85FB61930962A00DD1FD6 /* UptoskyTests.m */; };
		46E85FC1193096A800DD1FD6 /* 222.png in Resources */ = {isa = PBXBuildFile; fileRef = 46E85FC0193096A800DD1FD6 /* 222.png */; };
		46E85FC8193097CF00DD1FD6 /* ForestController.m in Sources */ = {isa = PBXBuildFile; fileRef = 46E85FC7193097CF00DD1FD6 /* ForestController.m */; };
		46E85FCE19309F0B00DD1FD6 /* UICircularSlider.m in Sources */ = {isa = PBXBuildFile; fileRef = 46E85FCC19309F0B00DD1FD6 /* UICircularSlider.m */; };
		46E85FD01930A71200DD1FD6 /* AVFoundation.framework in Frameworks */ = {isa = PBXBuildFile; fileRef = 46E85FCF1930A71200DD1FD6 /* AVFoundation.framework */; };
		46E85FE11930B9AC00DD1FD6 /* parks-32-32.png in Resources */ = {isa = PBXBuildFile; fileRef = 46E85FE01930B9AC00DD1FD6 /* parks-32-32.png */; };
		46E85FE31930B9B500DD1FD6 /* city-32.png in Resources */ = {isa = PBXBuildFile; fileRef = 46E85FE21930B9B500DD1FD6 /* city-32.png */; };
		46E85FE61930BA1D00DD1FD6 /* city-64.png in Resources */ = {isa = PBXBuildFile; fileRef = 46E85FE41930BA1D00DD1FD6 /* city-64.png */; };
		46E85FE71930BA1D00DD1FD6 /* parks-32-64.png in Resources */ = {isa = PBXBuildFile; fileRef = 46E85FE51930BA1D00DD1FD6 /* parks-32-64.png */; };
		46E85FEA1930BB8000DD1FD6 /* F.wav in Resources */ = {isa = PBXBuildFile; fileRef = 46E85FE81930BB8000DD1FD6 /* F.wav */; };
		46E85FEB1930BB8000DD1FD6 /* W.wav in Resources */ = {isa = PBXBuildFile; fileRef = 46E85FE91930BB8000DD1FD6 /* W.wav */; };
		46E85FF11930C97900DD1FD6 /* settViewController.m in Sources */ = {isa = PBXBuildFile; fileRef = 46E85FF01930C97900DD1FD6 /* settViewController.m */; };
		46E85FF31930C9D100DD1FD6 /* 1400952953_editor_setting_gear_.png in Resources */ = {isa = PBXBuildFile; fileRef = 46E85FF21930C9D100DD1FD6 /* 1400952953_editor_setting_gear_.png */; };
		46E85FF91930CB6D00DD1FD6 /* 1400952953_editor_setting_gear_.png in Resources */ = {isa = PBXBuildFile; fileRef = 46E85FF51930CB6D00DD1FD6 /* 1400952953_editor_setting_gear_.png */; };
		46E85FFA1930CB6D00DD1FD6 /* 1400953293_arrow-back.png in Resources */ = {isa = PBXBuildFile; fileRef = 46E85FF61930CB6D00DD1FD6 /* 1400953293_arrow-back.png */; };
		46E85FFB1930CB6D00DD1FD6 /* city-512.png in Resources */ = {isa = PBXBuildFile; fileRef = 46E85FF71930CB6D00DD1FD6 /* city-512.png */; };
		46E85FFC1930CB6D00DD1FD6 /* parks-32-512.png in Resources */ = {isa = PBXBuildFile; fileRef = 46E85FF81930CB6D00DD1FD6 /* parks-32-512.png */; };
		46E860031930D3B600DD1FD6 /* B.wav in Resources */ = {isa = PBXBuildFile; fileRef = 46E85FFE1930D3B600DD1FD6 /* B.wav */; };
		46E860041930D3B600DD1FD6 /* Fi.wav in Resources */ = {isa = PBXBuildFile; fileRef = 46E85FFF1930D3B600DD1FD6 /* Fi.wav */; };
		46E860051930D3B600DD1FD6 /* Fo.wav in Resources */ = {isa = PBXBuildFile; fileRef = 46E860001930D3B600DD1FD6 /* Fo.wav */; };
		46E860061930D3B600DD1FD6 /* N.wav in Resources */ = {isa = PBXBuildFile; fileRef = 46E860011930D3B600DD1FD6 /* N.wav */; };
		46E860071930D3B600DD1FD6 /* R.wav in Resources */ = {isa = PBXBuildFile; fileRef = 46E860021930D3B600DD1FD6 /* R.wav */; };
/* End PBXBuildFile section */

/* Begin PBXContainerItemProxy section */
		46E85FAE1930962A00DD1FD6 /* PBXContainerItemProxy */ = {
			isa = PBXContainerItemProxy;
			containerPortal = 46E85F801930962A00DD1FD6 /* Project object */;
			proxyType = 1;
			remoteGlobalIDString = 46E85F871930962A00DD1FD6;
			remoteInfo = Uptosky;
		};
/* End PBXContainerItemProxy section */

/* Begin PBXFileReference section */
		46E85F881930962A00DD1FD6 /* Uptosky.app */ = {isa = PBXFileReference; explicitFileType = wrapper.application; includeInIndex = 0; path = Uptosky.app; sourceTree = BUILT_PRODUCTS_DIR; };
		46E85F8B1930962A00DD1FD6 /* Foundation.framework */ = {isa = PBXFileReference; lastKnownFileType = wrapper.framework; name = Foundation.framework; path = System/Library/Frameworks/Foundation.framework; sourceTree = SDKROOT; };
		46E85F8D1930962A00DD1FD6 /* CoreGraphics.framework */ = {isa = PBXFileReference; lastKnownFileType = wrapper.framework; name = CoreGraphics.framework; path = System/Library/Frameworks/CoreGraphics.framework; sourceTree = SDKROOT; };
		46E85F8F1930962A00DD1FD6 /* UIKit.framework */ = {isa = PBXFileReference; lastKnownFileType = wrapper.framework; name = UIKit.framework; path = System/Library/Frameworks/UIKit.framework; sourceTree = SDKROOT; };
		46E85F931930962A00DD1FD6 /* Uptosky-Info.plist */ = {isa = PBXFileReference; lastKnownFileType = text.plist.xml; path = "Uptosky-Info.plist"; sourceTree = "<group>"; };
		46E85F951930962A00DD1FD6 /* en */ = {isa = PBXFileReference; lastKnownFileType = text.plist.strings; name = en; path = en.lproj/InfoPlist.strings; sourceTree = "<group>"; };
		46E85F971930962A00DD1FD6 /* main.m */ = {isa = PBXFileReference; lastKnownFileType = sourcecode.c.objc; path = main.m; sourceTree = "<group>"; };
		46E85F991930962A00DD1FD6 /* Uptosky-Prefix.pch */ = {isa = PBXFileReference; lastKnownFileType = sourcecode.c.h; path = "Uptosky-Prefix.pch"; sourceTree = "<group>"; };
		46E85F9A1930962A00DD1FD6 /* AppDelegate.h */ = {isa = PBXFileReference; lastKnownFileType = sourcecode.c.h; path = AppDelegate.h; sourceTree = "<group>"; };
		46E85F9B1930962A00DD1FD6 /* AppDelegate.m */ = {isa = PBXFileReference; lastKnownFileType = sourcecode.c.objc; path = AppDelegate.m; sourceTree = "<group>"; };
		46E85F9E1930962A00DD1FD6 /* Base */ = {isa = PBXFileReference; lastKnownFileType = file.storyboard; name = Base; path = Base.lproj/Main.storyboard; sourceTree = "<group>"; };
		46E85FA01930962A00DD1FD6 /* ViewController.h */ = {isa = PBXFileReference; lastKnownFileType = sourcecode.c.h; path = ViewController.h; sourceTree = "<group>"; };
		46E85FA11930962A00DD1FD6 /* ViewController.m */ = {isa = PBXFileReference; lastKnownFileType = sourcecode.c.objc; path = ViewController.m; sourceTree = "<group>"; };
		46E85FA31930962A00DD1FD6 /* Images.xcassets */ = {isa = PBXFileReference; lastKnownFileType = folder.assetcatalog; path = Images.xcassets; sourceTree = "<group>"; };
		46E85FA91930962A00DD1FD6 /* UptoskyTests.xctest */ = {isa = PBXFileReference; explicitFileType = wrapper.cfbundle; includeInIndex = 0; path = UptoskyTests.xctest; sourceTree = BUILT_PRODUCTS_DIR; };
		46E85FAA1930962A00DD1FD6 /* XCTest.framework */ = {isa = PBXFileReference; lastKnownFileType = wrapper.framework; name = XCTest.framework; path = Library/Frameworks/XCTest.framework; sourceTree = DEVELOPER_DIR; };
		46E85FB21930962A00DD1FD6 /* UptoskyTests-Info.plist */ = {isa = PBXFileReference; lastKnownFileType = text.plist.xml; path = "UptoskyTests-Info.plist"; sourceTree = "<group>"; };
		46E85FB41930962A00DD1FD6 /* en */ = {isa = PBXFileReference; lastKnownFileType = text.plist.strings; name = en; path = en.lproj/InfoPlist.strings; sourceTree = "<group>"; };
		46E85FB61930962A00DD1FD6 /* UptoskyTests.m */ = {isa = PBXFileReference; lastKnownFileType = sourcecode.c.objc; path = UptoskyTests.m; sourceTree = "<group>"; };
		46E85FC0193096A800DD1FD6 /* 222.png */ = {isa = PBXFileReference; lastKnownFileType = image.png; name = 222.png; path = ../../../222.png; sourceTree = "<group>"; };
		46E85FC6193097CF00DD1FD6 /* ForestController.h */ = {isa = PBXFileReference; fileEncoding = 4; lastKnownFileType = sourcecode.c.h; path = ForestController.h; sourceTree = "<group>"; };
		46E85FC7193097CF00DD1FD6 /* ForestController.m */ = {isa = PBXFileReference; fileEncoding = 4; lastKnownFileType = sourcecode.c.objc; path = ForestController.m; sourceTree = "<group>"; };
		46E85FCB19309F0B00DD1FD6 /* UICircularSlider.h */ = {isa = PBXFileReference; fileEncoding = 4; lastKnownFileType = sourcecode.c.h; path = UICircularSlider.h; sourceTree = "<group>"; };
		46E85FCC19309F0B00DD1FD6 /* UICircularSlider.m */ = {isa = PBXFileReference; fileEncoding = 4; lastKnownFileType = sourcecode.c.objc; path = UICircularSlider.m; sourceTree = "<group>"; };
		46E85FCF1930A71200DD1FD6 /* AVFoundation.framework */ = {isa = PBXFileReference; lastKnownFileType = wrapper.framework; name = AVFoundation.framework; path = System/Library/Frameworks/AVFoundation.framework; sourceTree = SDKROOT; };
		46E85FE01930B9AC00DD1FD6 /* parks-32-32.png */ = {isa = PBXFileReference; lastKnownFileType = image.png; name = "parks-32-32.png"; path = "../../../../Downloads/parks-32-32.png"; sourceTree = "<group>"; };
		46E85FE21930B9B500DD1FD6 /* city-32.png */ = {isa = PBXFileReference; lastKnownFileType = image.png; name = "city-32.png"; path = "../../../../Downloads/city-32.png"; sourceTree = "<group>"; };
		46E85FE41930BA1D00DD1FD6 /* city-64.png */ = {isa = PBXFileReference; lastKnownFileType = image.png; name = "city-64.png"; path = "../../../../Downloads/city-64.png"; sourceTree = "<group>"; };
		46E85FE51930BA1D00DD1FD6 /* parks-32-64.png */ = {isa = PBXFileReference; lastKnownFileType = image.png; name = "parks-32-64.png"; path = "../../../../Downloads/parks-32-64.png"; sourceTree = "<group>"; };
		46E85FE81930BB8000DD1FD6 /* F.wav */ = {isa = PBXFileReference; lastKnownFileType = audio.wav; name = F.wav; path = Sounds/F.wav; sourceTree = "<group>"; };
		46E85FE91930BB8000DD1FD6 /* W.wav */ = {isa = PBXFileReference; lastKnownFileType = audio.wav; name = W.wav; path = Sounds/W.wav; sourceTree = "<group>"; };
		46E85FEF1930C97900DD1FD6 /* settViewController.h */ = {isa = PBXFileReference; fileEncoding = 4; lastKnownFileType = sourcecode.c.h; path = settViewController.h; sourceTree = "<group>"; };
		46E85FF01930C97900DD1FD6 /* settViewController.m */ = {isa = PBXFileReference; fileEncoding = 4; lastKnownFileType = sourcecode.c.objc; path = settViewController.m; sourceTree = "<group>"; };
		46E85FF21930C9D100DD1FD6 /* 1400952953_editor_setting_gear_.png */ = {isa = PBXFileReference; lastKnownFileType = image.png; path = 1400952953_editor_setting_gear_.png; sourceTree = "<group>"; };
		46E85FF51930CB6D00DD1FD6 /* 1400952953_editor_setting_gear_.png */ = {isa = PBXFileReference; lastKnownFileType = image.png; path = 1400952953_editor_setting_gear_.png; sourceTree = "<group>"; };
		46E85FF61930CB6D00DD1FD6 /* 1400953293_arrow-back.png */ = {isa = PBXFileReference; lastKnownFileType = image.png; path = "1400953293_arrow-back.png"; sourceTree = "<group>"; };
		46E85FF71930CB6D00DD1FD6 /* city-512.png */ = {isa = PBXFileReference; lastKnownFileType = image.png; path = "city-512.png"; sourceTree = "<group>"; };
		46E85FF81930CB6D00DD1FD6 /* parks-32-512.png */ = {isa = PBXFileReference; lastKnownFileType = image.png; path = "parks-32-512.png"; sourceTree = "<group>"; };
		46E85FFE1930D3B600DD1FD6 /* B.wav */ = {isa = PBXFileReference; lastKnownFileType = audio.wav; name = B.wav; path = Sounds/B.wav; sourceTree = "<group>"; };
		46E85FFF1930D3B600DD1FD6 /* Fi.wav */ = {isa = PBXFileReference; lastKnownFileType = audio.wav; name = Fi.wav; path = Sounds/Fi.wav; sourceTree = "<group>"; };
		46E860001930D3B600DD1FD6 /* Fo.wav */ = {isa = PBXFileReference; lastKnownFileType = audio.wav; name = Fo.wav; path = Sounds/Fo.wav; sourceTree = "<group>"; };
		46E860011930D3B600DD1FD6 /* N.wav */ = {isa = PBXFileReference; lastKnownFileType = audio.wav; name = N.wav; path = Sounds/N.wav; sourceTree = "<group>"; };
		46E860021930D3B600DD1FD6 /* R.wav */ = {isa = PBXFileReference; lastKnownFileType = audio.wav; name = R.wav; path = Sounds/R.wav; sourceTree = "<group>"; };
/* End PBXFileReference section */

/* Begin PBXFrameworksBuildPhase section */
		46E85F851930962A00DD1FD6 /* Frameworks */ = {
			isa = PBXFrameworksBuildPhase;
			buildActionMask = 2147483647;
			files = (
				46E85FD01930A71200DD1FD6 /* AVFoundation.framework in Frameworks */,
				46E85F8E1930962A00DD1FD6 /* CoreGraphics.framework in Frameworks */,
				46E85F901930962A00DD1FD6 /* UIKit.framework in Frameworks */,
				46E85F8C1930962A00DD1FD6 /* Foundation.framework in Frameworks */,
			);
			runOnlyForDeploymentPostprocessing = 0;
		};
		46E85FA61930962A00DD1FD6 /* Frameworks */ = {
			isa = PBXFrameworksBuildPhase;
			buildActionMask = 2147483647;
			files = (
				46E85FAB1930962A00DD1FD6 /* XCTest.framework in Frameworks */,
				46E85FAD1930962A00DD1FD6 /* UIKit.framework in Frameworks */,
				46E85FAC1930962A00DD1FD6 /* Foundation.framework in Frameworks */,
			);
			runOnlyForDeploymentPostprocessing = 0;
		};
/* End PBXFrameworksBuildPhase section */

/* Begin PBXGroup section */
		46E85F7F1930962A00DD1FD6 = {
			isa = PBXGroup;
			children = (
				46E85F911930962A00DD1FD6 /* Uptosky */,
				46E85FB01930962A00DD1FD6 /* UptoskyTests */,
				46E85F8A1930962A00DD1FD6 /* Frameworks */,
				46E85F891930962A00DD1FD6 /* Products */,
			);
			sourceTree = "<group>";
		};
		46E85F891930962A00DD1FD6 /* Products */ = {
			isa = PBXGroup;
			children = (
				46E85F881930962A00DD1FD6 /* Uptosky.app */,
				46E85FA91930962A00DD1FD6 /* UptoskyTests.xctest */,
			);
			name = Products;
			sourceTree = "<group>";
		};
		46E85F8A1930962A00DD1FD6 /* Frameworks */ = {
			isa = PBXGroup;
			children = (
				46E85FCF1930A71200DD1FD6 /* AVFoundation.framework */,
				46E85F8B1930962A00DD1FD6 /* Foundation.framework */,
				46E85F8D1930962A00DD1FD6 /* CoreGraphics.framework */,
				46E85F8F1930962A00DD1FD6 /* UIKit.framework */,
				46E85FAA1930962A00DD1FD6 /* XCTest.framework */,
			);
			name = Frameworks;
			sourceTree = "<group>";
		};
		46E85F911930962A00DD1FD6 /* Uptosky */ = {
			isa = PBXGroup;
			children = (
				46E85FFE1930D3B600DD1FD6 /* B.wav */,
				46E85FFF1930D3B600DD1FD6 /* Fi.wav */,
				46E860001930D3B600DD1FD6 /* Fo.wav */,
				46E860011930D3B600DD1FD6 /* N.wav */,
				46E860021930D3B600DD1FD6 /* R.wav */,
				46E85FE81930BB8000DD1FD6 /* F.wav */,
				46E85FE91930BB8000DD1FD6 /* W.wav */,
				46E85FFD1930D39D00DD1FD6 /* Sounds */,
				46E85FF41930CB6D00DD1FD6 /* Images */,
				46E85FE41930BA1D00DD1FD6 /* city-64.png */,
				46E85FE51930BA1D00DD1FD6 /* parks-32-64.png */,
				46E85FE21930B9B500DD1FD6 /* city-32.png */,
				46E85FE01930B9AC00DD1FD6 /* parks-32-32.png */,
				46E85FC919309F0B00DD1FD6 /* UICircularSlider */,
				46E85FC0193096A800DD1FD6 /* 222.png */,
				46E85F9A1930962A00DD1FD6 /* AppDelegate.h */,
				46E85F9B1930962A00DD1FD6 /* AppDelegate.m */,
				46E85F9D1930962A00DD1FD6 /* Main.storyboard */,
				46E85FA01930962A00DD1FD6 /* ViewController.h */,
				46E85FA11930962A00DD1FD6 /* ViewController.m */,
				46E85FA31930962A00DD1FD6 /* Images.xcassets */,
				46E85F921930962A00DD1FD6 /* Supporting Files */,
				46E85FC6193097CF00DD1FD6 /* ForestController.h */,
				46E85FC7193097CF00DD1FD6 /* ForestController.m */,
				46E85FEF1930C97900DD1FD6 /* settViewController.h */,
				46E85FF01930C97900DD1FD6 /* settViewController.m */,
			);
			path = Uptosky;
			sourceTree = "<group>";
		};
		46E85F921930962A00DD1FD6 /* Supporting Files */ = {
			isa = PBXGroup;
			children = (
				46E85F931930962A00DD1FD6 /* Uptosky-Info.plist */,
				46E85F941930962A00DD1FD6 /* InfoPlist.strings */,
				46E85F971930962A00DD1FD6 /* main.m */,
				46E85F991930962A00DD1FD6 /* Uptosky-Prefix.pch */,
			);
			name = "Supporting Files";
			sourceTree = "<group>";
		};
		46E85FB01930962A00DD1FD6 /* UptoskyTests */ = {
			isa = PBXGroup;
			children = (
				46E85FB61930962A00DD1FD6 /* UptoskyTests.m */,
				46E85FB11930962A00DD1FD6 /* Supporting Files */,
			);
			path = UptoskyTests;
			sourceTree = "<group>";
		};
		46E85FB11930962A00DD1FD6 /* Supporting Files */ = {
			isa = PBXGroup;
			children = (
				46E85FB21930962A00DD1FD6 /* UptoskyTests-Info.plist */,
				46E85FB31930962A00DD1FD6 /* InfoPlist.strings */,
			);
			name = "Supporting Files";
			sourceTree = "<group>";
		};
		46E85FC919309F0B00DD1FD6 /* UICircularSlider */ = {
			isa = PBXGroup;
			children = (
				46E85FCB19309F0B00DD1FD6 /* UICircularSlider.h */,
				46E85FCC19309F0B00DD1FD6 /* UICircularSlider.m */,
			);
			name = UICircularSlider;
			path = "../../../../Downloads/UICircularSlider-master/UICircularSlider";
			sourceTree = "<group>";
		};
		46E85FF41930CB6D00DD1FD6 /* Images */ = {
			isa = PBXGroup;
			children = (
				46E85FF21930C9D100DD1FD6 /* 1400952953_editor_setting_gear_.png */,
				46E85FF51930CB6D00DD1FD6 /* 1400952953_editor_setting_gear_.png */,
				46E85FF61930CB6D00DD1FD6 /* 1400953293_arrow-back.png */,
				46E85FF71930CB6D00DD1FD6 /* city-512.png */,
				46E85FF81930CB6D00DD1FD6 /* parks-32-512.png */,
			);
			path = Images;
			sourceTree = "<group>";
		};
		46E85FFD1930D39D00DD1FD6 /* Sounds */ = {
			isa = PBXGroup;
			children = (
			);
			name = Sounds;
			sourceTree = "<group>";
		};
/* End PBXGroup section */

/* Begin PBXNativeTarget section */
		46E85F871930962A00DD1FD6 /* Uptosky */ = {
			isa = PBXNativeTarget;
			buildConfigurationList = 46E85FBA1930962A00DD1FD6 /* Build configuration list for PBXNativeTarget "Uptosky" */;
			buildPhases = (
				46E85F841930962A00DD1FD6 /* Sources */,
				46E85F851930962A00DD1FD6 /* Frameworks */,
				46E85F861930962A00DD1FD6 /* Resources */,
			);
			buildRules = (
			);
			dependencies = (
			);
			name = Uptosky;
			productName = Uptosky;
			productReference = 46E85F881930962A00DD1FD6 /* Uptosky.app */;
			productType = "com.apple.product-type.application";
		};
		46E85FA81930962A00DD1FD6 /* UptoskyTests */ = {
			isa = PBXNativeTarget;
			buildConfigurationList = 46E85FBD1930962A00DD1FD6 /* Build configuration list for PBXNativeTarget "UptoskyTests" */;
			buildPhases = (
				46E85FA51930962A00DD1FD6 /* Sources */,
				46E85FA61930962A00DD1FD6 /* Frameworks */,
				46E85FA71930962A00DD1FD6 /* Resources */,
			);
			buildRules = (
			);
			dependencies = (
				46E85FAF1930962A00DD1FD6 /* PBXTargetDependency */,
			);
			name = UptoskyTests;
			productName = UptoskyTests;
			productReference = 46E85FA91930962A00DD1FD6 /* UptoskyTests.xctest */;
			productType = "com.apple.product-type.bundle.unit-test";
		};
/* End PBXNativeTarget section */

/* Begin PBXProject section */
		46E85F801930962A00DD1FD6 /* Project object */ = {
			isa = PBXProject;
			attributes = {
				LastUpgradeCheck = 0510;
				ORGANIZATIONNAME = "Dimones-dev";
				TargetAttributes = {
					46E85FA81930962A00DD1FD6 = {
						TestTargetID = 46E85F871930962A00DD1FD6;
					};
				};
			};
			buildConfigurationList = 46E85F831930962A00DD1FD6 /* Build configuration list for PBXProject "Uptosky" */;
			compatibilityVersion = "Xcode 3.2";
			developmentRegion = English;
			hasScannedForEncodings = 0;
			knownRegions = (
				en,
				Base,
			);
			mainGroup = 46E85F7F1930962A00DD1FD6;
			productRefGroup = 46E85F891930962A00DD1FD6 /* Products */;
			projectDirPath = "";
			projectRoot = "";
			targets = (
				46E85F871930962A00DD1FD6 /* Uptosky */,
				46E85FA81930962A00DD1FD6 /* UptoskyTests */,
			);
		};
/* End PBXProject section */

/* Begin PBXResourcesBuildPhase section */
		46E85F861930962A00DD1FD6 /* Resources */ = {
			isa = PBXResourcesBuildPhase;
			buildActionMask = 2147483647;
			files = (
				46E85FFA1930CB6D00DD1FD6 /* 1400953293_arrow-back.png in Resources */,
				46E85FF31930C9D100DD1FD6 /* 1400952953_editor_setting_gear_.png in Resources */,
				46E85FF91930CB6D00DD1FD6 /* 1400952953_editor_setting_gear_.png in Resources */,
				46E860031930D3B600DD1FD6 /* B.wav in Resources */,
				46E85FE71930BA1D00DD1FD6 /* parks-32-64.png in Resources */,
				46E85FEA1930BB8000DD1FD6 /* F.wav in Resources */,
				46E85FE61930BA1D00DD1FD6 /* city-64.png in Resources */,
				46E85FC1193096A800DD1FD6 /* 222.png in Resources */,
				46E85FA41930962A00DD1FD6 /* Images.xcassets in Resources */,
				46E85F961930962A00DD1FD6 /* InfoPlist.strings in Resources */,
				46E85FE31930B9B500DD1FD6 /* city-32.png in Resources */,
				46E85FEB1930BB8000DD1FD6 /* W.wav in Resources */,
				46E860041930D3B600DD1FD6 /* Fi.wav in Resources */,
				46E860061930D3B600DD1FD6 /* N.wav in Resources */,
				46E85FFB1930CB6D00DD1FD6 /* city-512.png in Resources */,
				46E85F9F1930962A00DD1FD6 /* Main.storyboard in Resources */,
				46E860051930D3B600DD1FD6 /* Fo.wav in Resources */,
				46E85FFC1930CB6D00DD1FD6 /* parks-32-512.png in Resources */,
				46E85FE11930B9AC00DD1FD6 /* parks-32-32.png in Resources */,
				46E860071930D3B600DD1FD6 /* R.wav in Resources */,
			);
			runOnlyForDeploymentPostprocessing = 0;
		};
		46E85FA71930962A00DD1FD6 /* Resources */ = {
			isa = PBXResourcesBuildPhase;
			buildActionMask = 2147483647;
			files = (
				46E85FB51930962A00DD1FD6 /* InfoPlist.strings in Resources */,
			);
			runOnlyForDeploymentPostprocessing = 0;
		};
/* End PBXResourcesBuildPhase section */

/* Begin PBXSourcesBuildPhase section */
		46E85F841930962A00DD1FD6 /* Sources */ = {
			isa = PBXSourcesBuildPhase;
			buildActionMask = 2147483647;
			files = (
				46E85FF11930C97900DD1FD6 /* settViewController.m in Sources */,
				46E85FCE19309F0B00DD1FD6 /* UICircularSlider.m in Sources */,
				46E85FA21930962A00DD1FD6 /* ViewController.m in Sources */,
				46E85FC8193097CF00DD1FD6 /* ForestController.m in Sources */,
				46E85F9C1930962A00DD1FD6 /* AppDelegate.m in Sources */,
				46E85F981930962A00DD1FD6 /* main.m in Sources */,
			);
			runOnlyForDeploymentPostprocessing = 0;
		};
		46E85FA51930962A00DD1FD6 /* Sources */ = {
			isa = PBXSourcesBuildPhase;
			buildActionMask = 2147483647;
			files = (
				46E85FB71930962A00DD1FD6 /* UptoskyTests.m in Sources */,
			);
			runOnlyForDeploymentPostprocessing = 0;
		};
/* End PBXSourcesBuildPhase section */

/* Begin PBXTargetDependency section */
		46E85FAF1930962A00DD1FD6 /* PBXTargetDependency */ = {
			isa = PBXTargetDependency;
			target = 46E85F871930962A00DD1FD6 /* Uptosky */;
			targetProxy = 46E85FAE1930962A00DD1FD6 /* PBXContainerItemProxy */;
		};
/* End PBXTargetDependency section */

/* Begin PBXVariantGroup section */
		46E85F941930962A00DD1FD6 /* InfoPlist.strings */ = {
			isa = PBXVariantGroup;
			children = (
				46E85F951930962A00DD1FD6 /* en */,
			);
			name = InfoPlist.strings;
			sourceTree = "<group>";
		};
		46E85F9D1930962A00DD1FD6 /* Main.storyboard */ = {
			isa = PBXVariantGroup;
			children = (
				46E85F9E1930962A00DD1FD6 /* Base */,
			);
			name = Main.storyboard;
			sourceTree = "<group>";
		};
		46E85FB31930962A00DD1FD6 /* InfoPlist.strings */ = {
			isa = PBXVariantGroup;
			children = (
				46E85FB41930962A00DD1FD6 /* en */,
			);
			name = InfoPlist.strings;
			sourceTree = "<group>";
		};
/* End PBXVariantGroup section */

/* Begin XCBuildConfiguration section */
		46E85FB81930962A00DD1FD6 /* Debug */ = {
			isa = XCBuildConfiguration;
			buildSettings = {
				ALWAYS_SEARCH_USER_PATHS = NO;
				CLANG_CXX_LANGUAGE_STANDARD = "gnu++0x";
				CLANG_CXX_LIBRARY = "libc++";
				CLANG_ENABLE_MODULES = YES;
				CLANG_ENABLE_OBJC_ARC = YES;
				CLANG_WARN_BOOL_CONVERSION = YES;
				CLANG_WARN_CONSTANT_CONVERSION = YES;
				CLANG_WARN_DIRECT_OBJC_ISA_USAGE = YES_ERROR;
				CLANG_WARN_EMPTY_BODY = YES;
				CLANG_WARN_ENUM_CONVERSION = YES;
				CLANG_WARN_INT_CONVERSION = YES;
				CLANG_WARN_OBJC_ROOT_CLASS = YES_ERROR;
				CLANG_WARN__DUPLICATE_METHOD_MATCH = YES;
				"CODE_SIGN_IDENTITY[sdk=iphoneos*]" = "iPhone Developer";
				COPY_PHASE_STRIP = NO;
				GCC_C_LANGUAGE_STANDARD = gnu99;
				GCC_DYNAMIC_NO_PIC = NO;
				GCC_OPTIMIZATION_LEVEL = 0;
				GCC_PREPROCESSOR_DEFINITIONS = (
					"DEBUG=1",
					"$(inherited)",
				);
				GCC_SYMBOLS_PRIVATE_EXTERN = NO;
				GCC_WARN_64_TO_32_BIT_CONVERSION = YES;
				GCC_WARN_ABOUT_RETURN_TYPE = YES_ERROR;
				GCC_WARN_UNDECLARED_SELECTOR = YES;
				GCC_WARN_UNINITIALIZED_AUTOS = YES_AGGRESSIVE;
				GCC_WARN_UNUSED_FUNCTION = YES;
				GCC_WARN_UNUSED_VARIABLE = YES;
				IPHONEOS_DEPLOYMENT_TARGET = 7.1;
				ONLY_ACTIVE_ARCH = YES;
				SDKROOT = iphoneos;
			};
			name = Debug;
		};
		46E85FB91930962A00DD1FD6 /* Release */ = {
			isa = XCBuildConfiguration;
			buildSettings = {
				ALWAYS_SEARCH_USER_PATHS = NO;
				CLANG_CXX_LANGUAGE_STANDARD = "gnu++0x";
				CLANG_CXX_LIBRARY = "libc++";
				CLANG_ENABLE_MODULES = YES;
				CLANG_ENABLE_OBJC_ARC = YES;
				CLANG_WARN_BOOL_CONVERSION = YES;
				CLANG_WARN_CONSTANT_CONVERSION = YES;
				CLANG_WARN_DIRECT_OBJC_ISA_USAGE = YES_ERROR;
				CLANG_WARN_EMPTY_BODY = YES;
				CLANG_WARN_ENUM_CONVERSION = YES;
				CLANG_WARN_INT_CONVERSION = YES;
				CLANG_WARN_OBJC_ROOT_CLASS = YES_ERROR;
				CLANG_WARN__DUPLICATE_METHOD_MATCH = YES;
				"CODE_SIGN_IDENTITY[sdk=iphoneos*]" = "iPhone Developer";
				COPY_PHASE_STRIP = YES;
				ENABLE_NS_ASSERTIONS = NO;
				GCC_C_LANGUAGE_STANDARD = gnu99;
				GCC_WARN_64_TO_32_BIT_CONVERSION = YES;
				GCC_WARN_ABOUT_RETURN_TYPE = YES_ERROR;
				GCC_WARN_UNDECLARED_SELECTOR = YES;
				GCC_WARN_UNINITIALIZED_AUTOS = YES_AGGRESSIVE;
				GCC_WARN_UNUSED_FUNCTION = YES;
				GCC_WARN_UNUSED_VARIABLE = YES;
				IPHONEOS_DEPLOYMENT_TARGET = 7.1;
				SDKROOT = iphoneos;
				VALIDATE_PRODUCT = YES;
			};
			name = Release;
		};
		46E85FBB1930962A00DD1FD6 /* Debug */ = {
			isa = XCBuildConfiguration;
			buildSettings = {
				ASSETCATALOG_COMPILER_APPICON_NAME = AppIcon;
				ASSETCATALOG_COMPILER_LAUNCHIMAGE_NAME = LaunchImage;
				CODE_SIGN_IDENTITY = "iPhone Developer";
				GCC_PRECOMPILE_PREFIX_HEADER = YES;
				GCC_PREFIX_HEADER = "Uptosky/Uptosky-Prefix.pch";
				INFOPLIST_FILE = "Uptosky/Uptosky-Info.plist";
				PRODUCT_NAME = "$(TARGET_NAME)";
				WRAPPER_EXTENSION = app;
			};
			name = Debug;
		};
		46E85FBC1930962A00DD1FD6 /* Release */ = {
			isa = XCBuildConfiguration;
			buildSettings = {
				ASSETCATALOG_COMPILER_APPICON_NAME = AppIcon;
				ASSETCATALOG_COMPILER_LAUNCHIMAGE_NAME = LaunchImage;
				CODE_SIGN_IDENTITY = "iPhone Developer";
				GCC_PRECOMPILE_PREFIX_HEADER = YES;
				GCC_PREFIX_HEADER = "Uptosky/Uptosky-Prefix.pch";
				INFOPLIST_FILE = "Uptosky/Uptosky-Info.plist";
				PRODUCT_NAME = "$(TARGET_NAME)";
				WRAPPER_EXTENSION = app;
			};
			name = Release;
		};
		46E85FBE1930962A00DD1FD6 /* Debug */ = {
			isa = XCBuildConfiguration;
			buildSettings = {
				BUNDLE_LOADER = "$(BUILT_PRODUCTS_DIR)/Uptosky.app/Uptosky";
				FRAMEWORK_SEARCH_PATHS = (
					"$(SDKROOT)/Developer/Library/Frameworks",
					"$(inherited)",
					"$(DEVELOPER_FRAMEWORKS_DIR)",
				);
				GCC_PRECOMPILE_PREFIX_HEADER = YES;
				GCC_PREFIX_HEADER = "Uptosky/Uptosky-Prefix.pch";
				GCC_PREPROCESSOR_DEFINITIONS = (
					"DEBUG=1",
					"$(inherited)",
				);
				INFOPLIST_FILE = "UptoskyTests/UptoskyTests-Info.plist";
				PRODUCT_NAME = "$(TARGET_NAME)";
				TEST_HOST = "$(BUNDLE_LOADER)";
				WRAPPER_EXTENSION = xctest;
			};
			name = Debug;
		};
		46E85FBF1930962A00DD1FD6 /* Release */ = {
			isa = XCBuildConfiguration;
			buildSettings = {
				BUNDLE_LOADER = "$(BUILT_PRODUCTS_DIR)/Uptosky.app/Uptosky";
				FRAMEWORK_SEARCH_PATHS = (
					"$(SDKROOT)/Developer/Library/Frameworks",
					"$(inherited)",
					"$(DEVELOPER_FRAMEWORKS_DIR)",
				);
				GCC_PRECOMPILE_PREFIX_HEADER = YES;
				GCC_PREFIX_HEADER = "Uptosky/Uptosky-Prefix.pch";
				INFOPLIST_FILE = "UptoskyTests/UptoskyTests-Info.plist";
				PRODUCT_NAME = "$(TARGET_NAME)";
				TEST_HOST = "$(BUNDLE_LOADER)";
				WRAPPER_EXTENSION = xctest;
			};
			name = Release;
		};
/* End XCBuildConfiguration section */

/* Begin XCConfigurationList section */
		46E85F831930962A00DD1FD6 /* Build configuration list for PBXProject "Uptosky" */ = {
			isa = XCConfigurationList;
			buildConfigurations = (
				46E85FB81930962A00DD1FD6 /* Debug */,
				46E85FB91930962A00DD1FD6 /* Release */,
			);
			defaultConfigurationIsVisible = 0;
			defaultConfigurationName = Release;
		};
		46E85FBA1930962A00DD1FD6 /* Build configuration list for PBXNativeTarget "Uptosky" */ = {
			isa = XCConfigurationList;
			buildConfigurations = (
				46E85FBB1930962A00DD1FD6 /* Debug */,
				46E85FBC1930962A00DD1FD6 /* Release */,
			);
			defaultConfigurationIsVisible = 0;
		};
		46E85FBD1930962A00DD1FD6 /* Build configuration list for PBXNativeTarget "UptoskyTests" */ = {
			isa = XCConfigurationList;
			buildConfigurations = (
				46E85FBE1930962A00DD1FD6 /* Debug */,
				46E85FBF1930962A00DD1FD6 /* Release */,
			);
			defaultConfigurationIsVisible = 0;
		};
/* End XCConfigurationList section */
	};
	rootObject = 46E85F801930962A00DD1FD6 /* Project object */;
}
