// !$*UTF8*$!
{
	archiveVersion = 1;
	classes = {
	};
	objectVersion = 46;
	objects = {

/* Begin PBXBuildFile section */
		468F34F4193081F900D5B82E /* Foundation.framework in Frameworks */ = {isa = PBXBuildFile; fileRef = 468F34F3193081F900D5B82E /* Foundation.framework */; };
		468F34F6193081F900D5B82E /* CoreGraphics.framework in Frameworks */ = {isa = PBXBuildFile; fileRef = 468F34F5193081F900D5B82E /* CoreGraphics.framework */; };
		468F34F8193081F900D5B82E /* UIKit.framework in Frameworks */ = {isa = PBXBuildFile; fileRef = 468F34F7193081F900D5B82E /* UIKit.framework */; };
		468F34FE193081F900D5B82E /* InfoPlist.strings in Resources */ = {isa = PBXBuildFile; fileRef = 468F34FC193081F900D5B82E /* InfoPlist.strings */; };
		468F3500193081F900D5B82E /* main.m in Sources */ = {isa = PBXBuildFile; fileRef = 468F34FF193081F900D5B82E /* main.m */; };
		468F3504193081F900D5B82E /* AppDelegate.m in Sources */ = {isa = PBXBuildFile; fileRef = 468F3503193081F900D5B82E /* AppDelegate.m */; };
		468F3507193081F900D5B82E /* Main.storyboard in Resources */ = {isa = PBXBuildFile; fileRef = 468F3505193081F900D5B82E /* Main.storyboard */; };
		468F350A193081F900D5B82E /* ViewController.m in Sources */ = {isa = PBXBuildFile; fileRef = 468F3509193081F900D5B82E /* ViewController.m */; };
		468F350C193081F900D5B82E /* Images.xcassets in Resources */ = {isa = PBXBuildFile; fileRef = 468F350B193081F900D5B82E /* Images.xcassets */; };
		468F3513193081F900D5B82E /* XCTest.framework in Frameworks */ = {isa = PBXBuildFile; fileRef = 468F3512193081F900D5B82E /* XCTest.framework */; };
		468F3514193081F900D5B82E /* Foundation.framework in Frameworks */ = {isa = PBXBuildFile; fileRef = 468F34F3193081F900D5B82E /* Foundation.framework */; };
		468F3515193081F900D5B82E /* UIKit.framework in Frameworks */ = {isa = PBXBuildFile; fileRef = 468F34F7193081F900D5B82E /* UIKit.framework */; };
		468F351D193081F900D5B82E /* InfoPlist.strings in Resources */ = {isa = PBXBuildFile; fileRef = 468F351B193081F900D5B82E /* InfoPlist.strings */; };
		468F351F193081F900D5B82E /* UptoskyTests.m in Sources */ = {isa = PBXBuildFile; fileRef = 468F351E193081F900D5B82E /* UptoskyTests.m */; };
		468F352B19308A6400D5B82E /* EFCircularSlider.m in Sources */ = {isa = PBXBuildFile; fileRef = 468F352A19308A6400D5B82E /* EFCircularSlider.m */; };
		468F352E19308D8300D5B82E /* startControllerViewController.m in Sources */ = {isa = PBXBuildFile; fileRef = 468F352D19308D8300D5B82E /* startControllerViewController.m */; };
		468F353119308FA600D5B82E /* 222.png in Resources */ = {isa = PBXBuildFile; fileRef = 468F353019308FA600D5B82E /* 222.png */; };
		468F35341930906F00D5B82E /* ForestController.m in Sources */ = {isa = PBXBuildFile; fileRef = 468F35331930906F00D5B82E /* ForestController.m */; };
/* End PBXBuildFile section */

/* Begin PBXContainerItemProxy section */
		468F3516193081F900D5B82E /* PBXContainerItemProxy */ = {
			isa = PBXContainerItemProxy;
			containerPortal = 468F34E8193081F900D5B82E /* Project object */;
			proxyType = 1;
			remoteGlobalIDString = 468F34EF193081F900D5B82E;
			remoteInfo = Uptosky;
		};
/* End PBXContainerItemProxy section */

/* Begin PBXFileReference section */
		468F34F0193081F900D5B82E /* Uptosky.app */ = {isa = PBXFileReference; explicitFileType = wrapper.application; includeInIndex = 0; path = Uptosky.app; sourceTree = BUILT_PRODUCTS_DIR; };
		468F34F3193081F900D5B82E /* Foundation.framework */ = {isa = PBXFileReference; lastKnownFileType = wrapper.framework; name = Foundation.framework; path = System/Library/Frameworks/Foundation.framework; sourceTree = SDKROOT; };
		468F34F5193081F900D5B82E /* CoreGraphics.framework */ = {isa = PBXFileReference; lastKnownFileType = wrapper.framework; name = CoreGraphics.framework; path = System/Library/Frameworks/CoreGraphics.framework; sourceTree = SDKROOT; };
		468F34F7193081F900D5B82E /* UIKit.framework */ = {isa = PBXFileReference; lastKnownFileType = wrapper.framework; name = UIKit.framework; path = System/Library/Frameworks/UIKit.framework; sourceTree = SDKROOT; };
		468F34FB193081F900D5B82E /* Uptosky-Info.plist */ = {isa = PBXFileReference; lastKnownFileType = text.plist.xml; path = "Uptosky-Info.plist"; sourceTree = "<group>"; };
		468F34FD193081F900D5B82E /* en */ = {isa = PBXFileReference; lastKnownFileType = text.plist.strings; name = en; path = en.lproj/InfoPlist.strings; sourceTree = "<group>"; };
		468F34FF193081F900D5B82E /* main.m */ = {isa = PBXFileReference; lastKnownFileType = sourcecode.c.objc; path = main.m; sourceTree = "<group>"; };
		468F3501193081F900D5B82E /* Uptosky-Prefix.pch */ = {isa = PBXFileReference; lastKnownFileType = sourcecode.c.h; path = "Uptosky-Prefix.pch"; sourceTree = "<group>"; };
		468F3502193081F900D5B82E /* AppDelegate.h */ = {isa = PBXFileReference; lastKnownFileType = sourcecode.c.h; path = AppDelegate.h; sourceTree = "<group>"; };
		468F3503193081F900D5B82E /* AppDelegate.m */ = {isa = PBXFileReference; lastKnownFileType = sourcecode.c.objc; path = AppDelegate.m; sourceTree = "<group>"; };
		468F3506193081F900D5B82E /* Base */ = {isa = PBXFileReference; lastKnownFileType = file.storyboard; name = Base; path = Base.lproj/Main.storyboard; sourceTree = "<group>"; };
		468F3508193081F900D5B82E /* ViewController.h */ = {isa = PBXFileReference; lastKnownFileType = sourcecode.c.h; path = ViewController.h; sourceTree = "<group>"; };
		468F3509193081F900D5B82E /* ViewController.m */ = {isa = PBXFileReference; lastKnownFileType = sourcecode.c.objc; path = ViewController.m; sourceTree = "<group>"; };
		468F350B193081F900D5B82E /* Images.xcassets */ = {isa = PBXFileReference; lastKnownFileType = folder.assetcatalog; path = Images.xcassets; sourceTree = "<group>"; };
		468F3511193081F900D5B82E /* UptoskyTests.xctest */ = {isa = PBXFileReference; explicitFileType = wrapper.cfbundle; includeInIndex = 0; path = UptoskyTests.xctest; sourceTree = BUILT_PRODUCTS_DIR; };
		468F3512193081F900D5B82E /* XCTest.framework */ = {isa = PBXFileReference; lastKnownFileType = wrapper.framework; name = XCTest.framework; path = Library/Frameworks/XCTest.framework; sourceTree = DEVELOPER_DIR; };
		468F351A193081F900D5B82E /* UptoskyTests-Info.plist */ = {isa = PBXFileReference; lastKnownFileType = text.plist.xml; path = "UptoskyTests-Info.plist"; sourceTree = "<group>"; };
		468F351C193081F900D5B82E /* en */ = {isa = PBXFileReference; lastKnownFileType = text.plist.strings; name = en; path = en.lproj/InfoPlist.strings; sourceTree = "<group>"; };
		468F351E193081F900D5B82E /* UptoskyTests.m */ = {isa = PBXFileReference; lastKnownFileType = sourcecode.c.objc; path = UptoskyTests.m; sourceTree = "<group>"; };
		468F352919308A6400D5B82E /* EFCircularSlider.h */ = {isa = PBXFileReference; fileEncoding = 4; lastKnownFileType = sourcecode.c.h; path = EFCircularSlider.h; sourceTree = "<group>"; };
		468F352A19308A6400D5B82E /* EFCircularSlider.m */ = {isa = PBXFileReference; fileEncoding = 4; lastKnownFileType = sourcecode.c.objc; path = EFCircularSlider.m; sourceTree = "<group>"; };
		468F352C19308D8300D5B82E /* startControllerViewController.h */ = {isa = PBXFileReference; fileEncoding = 4; lastKnownFileType = sourcecode.c.h; path = startControllerViewController.h; sourceTree = "<group>"; };
		468F352D19308D8300D5B82E /* startControllerViewController.m */ = {isa = PBXFileReference; fileEncoding = 4; lastKnownFileType = sourcecode.c.objc; path = startControllerViewController.m; sourceTree = "<group>"; };
		468F353019308FA600D5B82E /* 222.png */ = {isa = PBXFileReference; lastKnownFileType = image.png; name = 222.png; path = "../../../../Simple-Emotions/Uptosky/Uptosky/222.png"; sourceTree = "<group>"; };
		468F35321930906F00D5B82E /* ForestController.h */ = {isa = PBXFileReference; fileEncoding = 4; lastKnownFileType = sourcecode.c.h; path = ForestController.h; sourceTree = "<group>"; };
		468F35331930906F00D5B82E /* ForestController.m */ = {isa = PBXFileReference; fileEncoding = 4; lastKnownFileType = sourcecode.c.objc; path = ForestController.m; sourceTree = "<group>"; };
/* End PBXFileReference section */

/* Begin PBXFrameworksBuildPhase section */
		468F34ED193081F900D5B82E /* Frameworks */ = {
			isa = PBXFrameworksBuildPhase;
			buildActionMask = 2147483647;
			files = (
				468F34F6193081F900D5B82E /* CoreGraphics.framework in Frameworks */,
				468F34F8193081F900D5B82E /* UIKit.framework in Frameworks */,
				468F34F4193081F900D5B82E /* Foundation.framework in Frameworks */,
			);
			runOnlyForDeploymentPostprocessing = 0;
		};
		468F350E193081F900D5B82E /* Frameworks */ = {
			isa = PBXFrameworksBuildPhase;
			buildActionMask = 2147483647;
			files = (
				468F3513193081F900D5B82E /* XCTest.framework in Frameworks */,
				468F3515193081F900D5B82E /* UIKit.framework in Frameworks */,
				468F3514193081F900D5B82E /* Foundation.framework in Frameworks */,
			);
			runOnlyForDeploymentPostprocessing = 0;
		};
/* End PBXFrameworksBuildPhase section */

/* Begin PBXGroup section */
		468F34E7193081F900D5B82E = {
			isa = PBXGroup;
			children = (
				468F34F9193081F900D5B82E /* Uptosky */,
				468F3518193081F900D5B82E /* UptoskyTests */,
				468F34F2193081F900D5B82E /* Frameworks */,
				468F34F1193081F900D5B82E /* Products */,
			);
			sourceTree = "<group>";
		};
		468F34F1193081F900D5B82E /* Products */ = {
			isa = PBXGroup;
			children = (
				468F34F0193081F900D5B82E /* Uptosky.app */,
				468F3511193081F900D5B82E /* UptoskyTests.xctest */,
			);
			name = Products;
			sourceTree = "<group>";
		};
		468F34F2193081F900D5B82E /* Frameworks */ = {
			isa = PBXGroup;
			children = (
				468F34F3193081F900D5B82E /* Foundation.framework */,
				468F34F5193081F900D5B82E /* CoreGraphics.framework */,
				468F34F7193081F900D5B82E /* UIKit.framework */,
				468F3512193081F900D5B82E /* XCTest.framework */,
			);
			name = Frameworks;
			sourceTree = "<group>";
		};
		468F34F9193081F900D5B82E /* Uptosky */ = {
			isa = PBXGroup;
			children = (
				468F352F19308F8100D5B82E /* Images */,
				468F352819308A6400D5B82E /* EFCircularSlider */,
				468F3502193081F900D5B82E /* AppDelegate.h */,
				468F3503193081F900D5B82E /* AppDelegate.m */,
				468F3505193081F900D5B82E /* Main.storyboard */,
				468F3508193081F900D5B82E /* ViewController.h */,
				468F3509193081F900D5B82E /* ViewController.m */,
				468F350B193081F900D5B82E /* Images.xcassets */,
				468F34FA193081F900D5B82E /* Supporting Files */,
				468F352C19308D8300D5B82E /* startControllerViewController.h */,
				468F352D19308D8300D5B82E /* startControllerViewController.m */,
				468F35321930906F00D5B82E /* ForestController.h */,
				468F35331930906F00D5B82E /* ForestController.m */,
			);
			path = Uptosky;
			sourceTree = "<group>";
		};
		468F34FA193081F900D5B82E /* Supporting Files */ = {
			isa = PBXGroup;
			children = (
				468F34FB193081F900D5B82E /* Uptosky-Info.plist */,
				468F34FC193081F900D5B82E /* InfoPlist.strings */,
				468F34FF193081F900D5B82E /* main.m */,
				468F3501193081F900D5B82E /* Uptosky-Prefix.pch */,
			);
			name = "Supporting Files";
			sourceTree = "<group>";
		};
		468F3518193081F900D5B82E /* UptoskyTests */ = {
			isa = PBXGroup;
			children = (
				468F351E193081F900D5B82E /* UptoskyTests.m */,
				468F3519193081F900D5B82E /* Supporting Files */,
			);
			path = UptoskyTests;
			sourceTree = "<group>";
		};
		468F3519193081F900D5B82E /* Supporting Files */ = {
			isa = PBXGroup;
			children = (
				468F351A193081F900D5B82E /* UptoskyTests-Info.plist */,
				468F351B193081F900D5B82E /* InfoPlist.strings */,
			);
			name = "Supporting Files";
			sourceTree = "<group>";
		};
		468F352819308A6400D5B82E /* EFCircularSlider */ = {
			isa = PBXGroup;
			children = (
				468F352919308A6400D5B82E /* EFCircularSlider.h */,
				468F352A19308A6400D5B82E /* EFCircularSlider.m */,
			);
			name = EFCircularSlider;
			path = "../../../../../Downloads/EFCircularSlider-master 2/EFCircularSlider";
			sourceTree = "<group>";
		};
		468F352F19308F8100D5B82E /* Images */ = {
			isa = PBXGroup;
			children = (
				468F353019308FA600D5B82E /* 222.png */,
			);
			name = Images;
			sourceTree = "<group>";
		};
/* End PBXGroup section */

/* Begin PBXNativeTarget section */
		468F34EF193081F900D5B82E /* Uptosky */ = {
			isa = PBXNativeTarget;
			buildConfigurationList = 468F3522193081F900D5B82E /* Build configuration list for PBXNativeTarget "Uptosky" */;
			buildPhases = (
				468F34EC193081F900D5B82E /* Sources */,
				468F34ED193081F900D5B82E /* Frameworks */,
				468F34EE193081F900D5B82E /* Resources */,
			);
			buildRules = (
			);
			dependencies = (
			);
			name = Uptosky;
			productName = Uptosky;
			productReference = 468F34F0193081F900D5B82E /* Uptosky.app */;
			productType = "com.apple.product-type.application";
		};
		468F3510193081F900D5B82E /* UptoskyTests */ = {
			isa = PBXNativeTarget;
			buildConfigurationList = 468F3525193081F900D5B82E /* Build configuration list for PBXNativeTarget "UptoskyTests" */;
			buildPhases = (
				468F350D193081F900D5B82E /* Sources */,
				468F350E193081F900D5B82E /* Frameworks */,
				468F350F193081F900D5B82E /* Resources */,
			);
			buildRules = (
			);
			dependencies = (
				468F3517193081F900D5B82E /* PBXTargetDependency */,
			);
			name = UptoskyTests;
			productName = UptoskyTests;
			productReference = 468F3511193081F900D5B82E /* UptoskyTests.xctest */;
			productType = "com.apple.product-type.bundle.unit-test";
		};
/* End PBXNativeTarget section */

/* Begin PBXProject section */
		468F34E8193081F900D5B82E /* Project object */ = {
			isa = PBXProject;
			attributes = {
				LastUpgradeCheck = 0510;
				ORGANIZATIONNAME = "Dimones-dev";
				TargetAttributes = {
					468F3510193081F900D5B82E = {
						TestTargetID = 468F34EF193081F900D5B82E;
					};
				};
			};
			buildConfigurationList = 468F34EB193081F900D5B82E /* Build configuration list for PBXProject "Uptosky" */;
			compatibilityVersion = "Xcode 3.2";
			developmentRegion = English;
			hasScannedForEncodings = 0;
			knownRegions = (
				en,
				Base,
			);
			mainGroup = 468F34E7193081F900D5B82E;
			productRefGroup = 468F34F1193081F900D5B82E /* Products */;
			projectDirPath = "";
			projectRoot = "";
			targets = (
				468F34EF193081F900D5B82E /* Uptosky */,
				468F3510193081F900D5B82E /* UptoskyTests */,
			);
		};
/* End PBXProject section */

/* Begin PBXResourcesBuildPhase section */
		468F34EE193081F900D5B82E /* Resources */ = {
			isa = PBXResourcesBuildPhase;
			buildActionMask = 2147483647;
			files = (
				468F353119308FA600D5B82E /* 222.png in Resources */,
				468F350C193081F900D5B82E /* Images.xcassets in Resources */,
				468F34FE193081F900D5B82E /* InfoPlist.strings in Resources */,
				468F3507193081F900D5B82E /* Main.storyboard in Resources */,
			);
			runOnlyForDeploymentPostprocessing = 0;
		};
		468F350F193081F900D5B82E /* Resources */ = {
			isa = PBXResourcesBuildPhase;
			buildActionMask = 2147483647;
			files = (
				468F351D193081F900D5B82E /* InfoPlist.strings in Resources */,
			);
			runOnlyForDeploymentPostprocessing = 0;
		};
/* End PBXResourcesBuildPhase section */

/* Begin PBXSourcesBuildPhase section */
		468F34EC193081F900D5B82E /* Sources */ = {
			isa = PBXSourcesBuildPhase;
			buildActionMask = 2147483647;
			files = (
				468F35341930906F00D5B82E /* ForestController.m in Sources */,
				468F352B19308A6400D5B82E /* EFCircularSlider.m in Sources */,
				468F350A193081F900D5B82E /* ViewController.m in Sources */,
				468F3504193081F900D5B82E /* AppDelegate.m in Sources */,
				468F3500193081F900D5B82E /* main.m in Sources */,
				468F352E19308D8300D5B82E /* startControllerViewController.m in Sources */,
			);
			runOnlyForDeploymentPostprocessing = 0;
		};
		468F350D193081F900D5B82E /* Sources */ = {
			isa = PBXSourcesBuildPhase;
			buildActionMask = 2147483647;
			files = (
				468F351F193081F900D5B82E /* UptoskyTests.m in Sources */,
			);
			runOnlyForDeploymentPostprocessing = 0;
		};
/* End PBXSourcesBuildPhase section */

/* Begin PBXTargetDependency section */
		468F3517193081F900D5B82E /* PBXTargetDependency */ = {
			isa = PBXTargetDependency;
			target = 468F34EF193081F900D5B82E /* Uptosky */;
			targetProxy = 468F3516193081F900D5B82E /* PBXContainerItemProxy */;
		};
/* End PBXTargetDependency section */

/* Begin PBXVariantGroup section */
		468F34FC193081F900D5B82E /* InfoPlist.strings */ = {
			isa = PBXVariantGroup;
			children = (
				468F34FD193081F900D5B82E /* en */,
			);
			name = InfoPlist.strings;
			sourceTree = "<group>";
		};
		468F3505193081F900D5B82E /* Main.storyboard */ = {
			isa = PBXVariantGroup;
			children = (
				468F3506193081F900D5B82E /* Base */,
			);
			name = Main.storyboard;
			sourceTree = "<group>";
		};
		468F351B193081F900D5B82E /* InfoPlist.strings */ = {
			isa = PBXVariantGroup;
			children = (
				468F351C193081F900D5B82E /* en */,
			);
			name = InfoPlist.strings;
			sourceTree = "<group>";
		};
/* End PBXVariantGroup section */

/* Begin XCBuildConfiguration section */
		468F3520193081F900D5B82E /* Debug */ = {
			isa = XCBuildConfiguration;
			buildSettings = {
				ALWAYS_SEARCH_USER_PATHS = NO;
				CLANG_CXX_LANGUAGE_STANDARD = "gnu++0x";
				CLANG_CXX_LIBRARY = "libc++";
				CLANG_ENABLE_MODULES = YES;
				CLANG_ENABLE_OBJC_ARC = YES;
				CLANG_WARN_BOOL_CONVERSION = YES;
				CLANG_WARN_CONSTANT_CONVERSION = YES;
				CLANG_WARN_DIRECT_OBJC_ISA_USAGE = YES_ERROR;
				CLANG_WARN_EMPTY_BODY = YES;
				CLANG_WARN_ENUM_CONVERSION = YES;
				CLANG_WARN_INT_CONVERSION = YES;
				CLANG_WARN_OBJC_ROOT_CLASS = YES_ERROR;
				CLANG_WARN__DUPLICATE_METHOD_MATCH = YES;
				"CODE_SIGN_IDENTITY[sdk=iphoneos*]" = "iPhone Developer";
				COPY_PHASE_STRIP = NO;
				GCC_C_LANGUAGE_STANDARD = gnu99;
				GCC_DYNAMIC_NO_PIC = NO;
				GCC_OPTIMIZATION_LEVEL = 0;
				GCC_PREPROCESSOR_DEFINITIONS = (
					"DEBUG=1",
					"$(inherited)",
				);
				GCC_SYMBOLS_PRIVATE_EXTERN = NO;
				GCC_WARN_64_TO_32_BIT_CONVERSION = YES;
				GCC_WARN_ABOUT_RETURN_TYPE = YES_ERROR;
				GCC_WARN_UNDECLARED_SELECTOR = YES;
				GCC_WARN_UNINITIALIZED_AUTOS = YES_AGGRESSIVE;
				GCC_WARN_UNUSED_FUNCTION = YES;
				GCC_WARN_UNUSED_VARIABLE = YES;
				IPHONEOS_DEPLOYMENT_TARGET = 7.1;
				ONLY_ACTIVE_ARCH = YES;
				SDKROOT = iphoneos;
			};
			name = Debug;
		};
		468F3521193081F900D5B82E /* Release */ = {
			isa = XCBuildConfiguration;
			buildSettings = {
				ALWAYS_SEARCH_USER_PATHS = NO;
				CLANG_CXX_LANGUAGE_STANDARD = "gnu++0x";
				CLANG_CXX_LIBRARY = "libc++";
				CLANG_ENABLE_MODULES = YES;
				CLANG_ENABLE_OBJC_ARC = YES;
				CLANG_WARN_BOOL_CONVERSION = YES;
				CLANG_WARN_CONSTANT_CONVERSION = YES;
				CLANG_WARN_DIRECT_OBJC_ISA_USAGE = YES_ERROR;
				CLANG_WARN_EMPTY_BODY = YES;
				CLANG_WARN_ENUM_CONVERSION = YES;
				CLANG_WARN_INT_CONVERSION = YES;
				CLANG_WARN_OBJC_ROOT_CLASS = YES_ERROR;
				CLANG_WARN__DUPLICATE_METHOD_MATCH = YES;
				"CODE_SIGN_IDENTITY[sdk=iphoneos*]" = "iPhone Developer";
				COPY_PHASE_STRIP = YES;
				ENABLE_NS_ASSERTIONS = NO;
				GCC_C_LANGUAGE_STANDARD = gnu99;
				GCC_WARN_64_TO_32_BIT_CONVERSION = YES;
				GCC_WARN_ABOUT_RETURN_TYPE = YES_ERROR;
				GCC_WARN_UNDECLARED_SELECTOR = YES;
				GCC_WARN_UNINITIALIZED_AUTOS = YES_AGGRESSIVE;
				GCC_WARN_UNUSED_FUNCTION = YES;
				GCC_WARN_UNUSED_VARIABLE = YES;
				IPHONEOS_DEPLOYMENT_TARGET = 7.1;
				SDKROOT = iphoneos;
				VALIDATE_PRODUCT = YES;
			};
			name = Release;
		};
		468F3523193081F900D5B82E /* Debug */ = {
			isa = XCBuildConfiguration;
			buildSettings = {
				ASSETCATALOG_COMPILER_APPICON_NAME = AppIcon;
				ASSETCATALOG_COMPILER_LAUNCHIMAGE_NAME = LaunchImage;
				GCC_PRECOMPILE_PREFIX_HEADER = YES;
				GCC_PREFIX_HEADER = "Uptosky/Uptosky-Prefix.pch";
				INFOPLIST_FILE = "Uptosky/Uptosky-Info.plist";
				PRODUCT_NAME = "$(TARGET_NAME)";
				WRAPPER_EXTENSION = app;
			};
			name = Debug;
		};
		468F3524193081F900D5B82E /* Release */ = {
			isa = XCBuildConfiguration;
			buildSettings = {
				ASSETCATALOG_COMPILER_APPICON_NAME = AppIcon;
				ASSETCATALOG_COMPILER_LAUNCHIMAGE_NAME = LaunchImage;
				GCC_PRECOMPILE_PREFIX_HEADER = YES;
				GCC_PREFIX_HEADER = "Uptosky/Uptosky-Prefix.pch";
				INFOPLIST_FILE = "Uptosky/Uptosky-Info.plist";
				PRODUCT_NAME = "$(TARGET_NAME)";
				WRAPPER_EXTENSION = app;
			};
			name = Release;
		};
		468F3526193081F900D5B82E /* Debug */ = {
			isa = XCBuildConfiguration;
			buildSettings = {
				BUNDLE_LOADER = "$(BUILT_PRODUCTS_DIR)/Uptosky.app/Uptosky";
				FRAMEWORK_SEARCH_PATHS = (
					"$(SDKROOT)/Developer/Library/Frameworks",
					"$(inherited)",
					"$(DEVELOPER_FRAMEWORKS_DIR)",
				);
				GCC_PRECOMPILE_PREFIX_HEADER = YES;
				GCC_PREFIX_HEADER = "Uptosky/Uptosky-Prefix.pch";
				GCC_PREPROCESSOR_DEFINITIONS = (
					"DEBUG=1",
					"$(inherited)",
				);
				INFOPLIST_FILE = "UptoskyTests/UptoskyTests-Info.plist";
				PRODUCT_NAME = "$(TARGET_NAME)";
				TEST_HOST = "$(BUNDLE_LOADER)";
				WRAPPER_EXTENSION = xctest;
			};
			name = Debug;
		};
		468F3527193081F900D5B82E /* Release */ = {
			isa = XCBuildConfiguration;
			buildSettings = {
				BUNDLE_LOADER = "$(BUILT_PRODUCTS_DIR)/Uptosky.app/Uptosky";
				FRAMEWORK_SEARCH_PATHS = (
					"$(SDKROOT)/Developer/Library/Frameworks",
					"$(inherited)",
					"$(DEVELOPER_FRAMEWORKS_DIR)",
				);
				GCC_PRECOMPILE_PREFIX_HEADER = YES;
				GCC_PREFIX_HEADER = "Uptosky/Uptosky-Prefix.pch";
				INFOPLIST_FILE = "UptoskyTests/UptoskyTests-Info.plist";
				PRODUCT_NAME = "$(TARGET_NAME)";
				TEST_HOST = "$(BUNDLE_LOADER)";
				WRAPPER_EXTENSION = xctest;
			};
			name = Release;
		};
/* End XCBuildConfiguration section */

/* Begin XCConfigurationList section */
		468F34EB193081F900D5B82E /* Build configuration list for PBXProject "Uptosky" */ = {
			isa = XCConfigurationList;
			buildConfigurations = (
				468F3520193081F900D5B82E /* Debug */,
				468F3521193081F900D5B82E /* Release */,
			);
			defaultConfigurationIsVisible = 0;
			defaultConfigurationName = Release;
		};
		468F3522193081F900D5B82E /* Build configuration list for PBXNativeTarget "Uptosky" */ = {
			isa = XCConfigurationList;
			buildConfigurations = (
				468F3523193081F900D5B82E /* Debug */,
				468F3524193081F900D5B82E /* Release */,
			);
			defaultConfigurationIsVisible = 0;
			defaultConfigurationName = Release;
		};
		468F3525193081F900D5B82E /* Build configuration list for PBXNativeTarget "UptoskyTests" */ = {
			isa = XCConfigurationList;
			buildConfigurations = (
				468F3526193081F900D5B82E /* Debug */,
				468F3527193081F900D5B82E /* Release */,
			);
			defaultConfigurationIsVisible = 0;
			defaultConfigurationName = Release;
		};
/* End XCConfigurationList section */
	};
	rootObject = 468F34E8193081F900D5B82E /* Project object */;
}
